// !$*UTF8*$!
{
	archiveVersion = 1;
	classes = {
	};
	objectVersion = 46;
	objects = {

/* Begin PBXBuildFile section */
		031CED671EE3E53200A4F662 /* main.m in Sources */ = {isa = PBXBuildFile; fileRef = 031CED661EE3E53200A4F662 /* main.m */; };
		031CED6A1EE3E53200A4F662 /* AppDelegate.m in Sources */ = {isa = PBXBuildFile; fileRef = 031CED691EE3E53200A4F662 /* AppDelegate.m */; };
		031CED6D1EE3E53200A4F662 /* ViewController.m in Sources */ = {isa = PBXBuildFile; fileRef = 031CED6C1EE3E53200A4F662 /* ViewController.m */; };
		031CED701EE3E53200A4F662 /* Main.storyboard in Resources */ = {isa = PBXBuildFile; fileRef = 031CED6E1EE3E53200A4F662 /* Main.storyboard */; };
		031CED721EE3E53200A4F662 /* Assets.xcassets in Resources */ = {isa = PBXBuildFile; fileRef = 031CED711EE3E53200A4F662 /* Assets.xcassets */; };
		031CED751EE3E53200A4F662 /* LaunchScreen.storyboard in Resources */ = {isa = PBXBuildFile; fileRef = 031CED731EE3E53200A4F662 /* LaunchScreen.storyboard */; };
		031CED821EE3ED4600A4F662 /* LFPhotoCell.m in Sources */ = {isa = PBXBuildFile; fileRef = 031CED801EE3ED4600A4F662 /* LFPhotoCell.m */; };
		031CED831EE3ED4600A4F662 /* LFPhotoCell.xib in Resources */ = {isa = PBXBuildFile; fileRef = 031CED811EE3ED4600A4F662 /* LFPhotoCell.xib */; };
		031CED861EE3F87A00A4F662 /* LFPhotoFlowLayout.m in Sources */ = {isa = PBXBuildFile; fileRef = 031CED851EE3F87A00A4F662 /* LFPhotoFlowLayout.m */; };
		52E6D39DBF4DD0D414715915 /* libPods-自定义流水布局.a in Frameworks */ = {isa = PBXBuildFile; fileRef = 755CBB172C47D154C19DD31A /* libPods-自定义流水布局.a */; };
/* End PBXBuildFile section */

/* Begin PBXFileReference section */
		031CED621EE3E53200A4F662 /* 自定义流水布局.app */ = {isa = PBXFileReference; explicitFileType = wrapper.application; includeInIndex = 0; path = "自定义流水布局.app"; sourceTree = BUILT_PRODUCTS_DIR; };
		031CED661EE3E53200A4F662 /* main.m */ = {isa = PBXFileReference; lastKnownFileType = sourcecode.c.objc; path = main.m; sourceTree = "<group>"; };
		031CED681EE3E53200A4F662 /* AppDelegate.h */ = {isa = PBXFileReference; lastKnownFileType = sourcecode.c.h; path = AppDelegate.h; sourceTree = "<group>"; };
		031CED691EE3E53200A4F662 /* AppDelegate.m */ = {isa = PBXFileReference; lastKnownFileType = sourcecode.c.objc; path = AppDelegate.m; sourceTree = "<group>"; };
		031CED6B1EE3E53200A4F662 /* ViewController.h */ = {isa = PBXFileReference; lastKnownFileType = sourcecode.c.h; path = ViewController.h; sourceTree = "<group>"; };
		031CED6C1EE3E53200A4F662 /* ViewController.m */ = {isa = PBXFileReference; lastKnownFileType = sourcecode.c.objc; path = ViewController.m; sourceTree = "<group>"; };
		031CED6F1EE3E53200A4F662 /* Base */ = {isa = PBXFileReference; lastKnownFileType = file.storyboard; name = Base; path = Base.lproj/Main.storyboard; sourceTree = "<group>"; };
		031CED711EE3E53200A4F662 /* Assets.xcassets */ = {isa = PBXFileReference; lastKnownFileType = folder.assetcatalog; path = Assets.xcassets; sourceTree = "<group>"; };
		031CED741EE3E53200A4F662 /* Base */ = {isa = PBXFileReference; lastKnownFileType = file.storyboard; name = Base; path = Base.lproj/LaunchScreen.storyboard; sourceTree = "<group>"; };
		031CED761EE3E53200A4F662 /* Info.plist */ = {isa = PBXFileReference; lastKnownFileType = text.plist.xml; path = Info.plist; sourceTree = "<group>"; };
		031CED7F1EE3ED4600A4F662 /* LFPhotoCell.h */ = {isa = PBXFileReference; fileEncoding = 4; lastKnownFileType = sourcecode.c.h; path = LFPhotoCell.h; sourceTree = "<group>"; };
		031CED801EE3ED4600A4F662 /* LFPhotoCell.m */ = {isa = PBXFileReference; fileEncoding = 4; lastKnownFileType = sourcecode.c.objc; path = LFPhotoCell.m; sourceTree = "<group>"; };
		031CED811EE3ED4600A4F662 /* LFPhotoCell.xib */ = {isa = PBXFileReference; fileEncoding = 4; lastKnownFileType = file.xib; path = LFPhotoCell.xib; sourceTree = "<group>"; };
		031CED841EE3F87A00A4F662 /* LFPhotoFlowLayout.h */ = {isa = PBXFileReference; fileEncoding = 4; lastKnownFileType = sourcecode.c.h; path = LFPhotoFlowLayout.h; sourceTree = "<group>"; };
		031CED851EE3F87A00A4F662 /* LFPhotoFlowLayout.m */ = {isa = PBXFileReference; fileEncoding = 4; lastKnownFileType = sourcecode.c.objc; path = LFPhotoFlowLayout.m; sourceTree = "<group>"; };
		4535815D683E0F4924D1B2D0 /* Pods-自定义流水布局.release.xcconfig */ = {isa = PBXFileReference; includeInIndex = 1; lastKnownFileType = text.xcconfig; name = "Pods-自定义流水布局.release.xcconfig"; path = "Pods/Target Support Files/Pods-自定义流水布局/Pods-自定义流水布局.release.xcconfig"; sourceTree = "<group>"; };
		755CBB172C47D154C19DD31A /* libPods-自定义流水布局.a */ = {isa = PBXFileReference; explicitFileType = archive.ar; includeInIndex = 0; path = "libPods-自定义流水布局.a"; sourceTree = BUILT_PRODUCTS_DIR; };
		E18CFF0B1136D4DF02117631 /* Pods-自定义流水布局.debug.xcconfig */ = {isa = PBXFileReference; includeInIndex = 1; lastKnownFileType = text.xcconfig; name = "Pods-自定义流水布局.debug.xcconfig"; path = "Pods/Target Support Files/Pods-自定义流水布局/Pods-自定义流水布局.debug.xcconfig"; sourceTree = "<group>"; };
/* End PBXFileReference section */

/* Begin PBXFrameworksBuildPhase section */
		031CED5F1EE3E53200A4F662 /* Frameworks */ = {
			isa = PBXFrameworksBuildPhase;
			buildActionMask = 2147483647;
			files = (
				52E6D39DBF4DD0D414715915 /* libPods-自定义流水布局.a in Frameworks */,
			);
			runOnlyForDeploymentPostprocessing = 0;
		};
/* End PBXFrameworksBuildPhase section */

/* Begin PBXGroup section */
		031CED591EE3E53200A4F662 = {
			isa = PBXGroup;
			children = (
				031CED641EE3E53200A4F662 /* 自定义流水布局 */,
				031CED631EE3E53200A4F662 /* Products */,
				6D5D778F1451EA853DE4348E /* Pods */,
				B0B16A015A5CBAE7DCFD179E /* Frameworks */,
			);
			sourceTree = "<group>";
		};
		031CED631EE3E53200A4F662 /* Products */ = {
			isa = PBXGroup;
			children = (
				031CED621EE3E53200A4F662 /* 自定义流水布局.app */,
			);
			name = Products;
			sourceTree = "<group>";
		};
		031CED641EE3E53200A4F662 /* 自定义流水布局 */ = {
			isa = PBXGroup;
			children = (
				031CED6E1EE3E53200A4F662 /* Main.storyboard */,
				031CED681EE3E53200A4F662 /* AppDelegate.h */,
				031CED691EE3E53200A4F662 /* AppDelegate.m */,
				031CED6B1EE3E53200A4F662 /* ViewController.h */,
				031CED6C1EE3E53200A4F662 /* ViewController.m */,
				031CED7F1EE3ED4600A4F662 /* LFPhotoCell.h */,
				031CED801EE3ED4600A4F662 /* LFPhotoCell.m */,
				031CED811EE3ED4600A4F662 /* LFPhotoCell.xib */,
				031CED841EE3F87A00A4F662 /* LFPhotoFlowLayout.h */,
				031CED851EE3F87A00A4F662 /* LFPhotoFlowLayout.m */,
				031CED651EE3E53200A4F662 /* Supporting Files */,
			);
			path = "自定义流水布局";
			sourceTree = "<group>";
		};
		031CED651EE3E53200A4F662 /* Supporting Files */ = {
			isa = PBXGroup;
			children = (
				031CED711EE3E53200A4F662 /* Assets.xcassets */,
				031CED731EE3E53200A4F662 /* LaunchScreen.storyboard */,
				031CED761EE3E53200A4F662 /* Info.plist */,
				031CED661EE3E53200A4F662 /* main.m */,
			);
			name = "Supporting Files";
			sourceTree = "<group>";
		};
		6D5D778F1451EA853DE4348E /* Pods */ = {
			isa = PBXGroup;
			children = (
				E18CFF0B1136D4DF02117631 /* Pods-自定义流水布局.debug.xcconfig */,
				4535815D683E0F4924D1B2D0 /* Pods-自定义流水布局.release.xcconfig */,
			);
			name = Pods;
			sourceTree = "<group>";
		};
		B0B16A015A5CBAE7DCFD179E /* Frameworks */ = {
			isa = PBXGroup;
			children = (
				755CBB172C47D154C19DD31A /* libPods-自定义流水布局.a */,
			);
			name = Frameworks;
			sourceTree = "<group>";
		};
/* End PBXGroup section */

/* Begin PBXNativeTarget section */
		031CED611EE3E53200A4F662 /* 自定义流水布局 */ = {
			isa = PBXNativeTarget;
			buildConfigurationList = 031CED791EE3E53200A4F662 /* Build configuration list for PBXNativeTarget "自定义流水布局" */;
			buildPhases = (
				6DCD73FE3F730650022C1573 /* [CP] Check Pods Manifest.lock */,
				031CED5E1EE3E53200A4F662 /* Sources */,
				031CED5F1EE3E53200A4F662 /* Frameworks */,
				031CED601EE3E53200A4F662 /* Resources */,
				5079856603E5BA154D1CA008 /* [CP] Embed Pods Frameworks */,
				BF58AEE9383C77C6100DC885 /* [CP] Copy Pods Resources */,
			);
			buildRules = (
			);
			dependencies = (
			);
			name = "自定义流水布局";
			productName = "自定义流水布局";
			productReference = 031CED621EE3E53200A4F662 /* 自定义流水布局.app */;
			productType = "com.apple.product-type.application";
		};
/* End PBXNativeTarget section */

/* Begin PBXProject section */
		031CED5A1EE3E53200A4F662 /* Project object */ = {
			isa = PBXProject;
			attributes = {
				CLASSPREFIX = LF;
				LastUpgradeCheck = 0830;
				ORGANIZATIONNAME = liufeng;
				TargetAttributes = {
					031CED611EE3E53200A4F662 = {
						CreatedOnToolsVersion = 8.3.2;
						DevelopmentTeam = QDT8L8LPPU;
						ProvisioningStyle = Automatic;
					};
				};
			};
			buildConfigurationList = 031CED5D1EE3E53200A4F662 /* Build configuration list for PBXProject "自定义流水布局" */;
			compatibilityVersion = "Xcode 3.2";
			developmentRegion = English;
			hasScannedForEncodings = 0;
			knownRegions = (
				en,
				Base,
			);
			mainGroup = 031CED591EE3E53200A4F662;
			productRefGroup = 031CED631EE3E53200A4F662 /* Products */;
			projectDirPath = "";
			projectRoot = "";
			targets = (
				031CED611EE3E53200A4F662 /* 自定义流水布局 */,
			);
		};
/* End PBXProject section */

/* Begin PBXResourcesBuildPhase section */
		031CED601EE3E53200A4F662 /* Resources */ = {
			isa = PBXResourcesBuildPhase;
			buildActionMask = 2147483647;
			files = (
				031CED831EE3ED4600A4F662 /* LFPhotoCell.xib in Resources */,
				031CED751EE3E53200A4F662 /* LaunchScreen.storyboard in Resources */,
				031CED721EE3E53200A4F662 /* Assets.xcassets in Resources */,
				031CED701EE3E53200A4F662 /* Main.storyboard in Resources */,
			);
			runOnlyForDeploymentPostprocessing = 0;
		};
/* End PBXResourcesBuildPhase section */

/* Begin PBXShellScriptBuildPhase section */
		5079856603E5BA154D1CA008 /* [CP] Embed Pods Frameworks */ = {
			isa = PBXShellScriptBuildPhase;
			buildActionMask = 2147483647;
			files = (
			);
			inputPaths = (
			);
			name = "[CP] Embed Pods Frameworks";
			outputPaths = (
			);
			runOnlyForDeploymentPostprocessing = 0;
			shellPath = /bin/sh;
			shellScript = "\"${SRCROOT}/Pods/Target Support Files/Pods-自定义流水布局/Pods-自定义流水布局-frameworks.sh\"\n";
			showEnvVarsInLog = 0;
		};
		6DCD73FE3F730650022C1573 /* [CP] Check Pods Manifest.lock */ = {
			isa = PBXShellScriptBuildPhase;
			buildActionMask = 2147483647;
			files = (
			);
			inputPaths = (
			);
			name = "[CP] Check Pods Manifest.lock";
			outputPaths = (
			);
			runOnlyForDeploymentPostprocessing = 0;
			shellPath = /bin/sh;
			shellScript = "diff \"${PODS_PODFILE_DIR_PATH}/Podfile.lock\" \"${PODS_ROOT}/Manifest.lock\" > /dev/null\nif [ $? != 0 ] ; then\n    # print error to STDERR\n    echo \"error: The sandbox is not in sync with the Podfile.lock. Run 'pod install' or update your CocoaPods installation.\" >&2\n    exit 1\nfi\n";
			showEnvVarsInLog = 0;
		};
		BF58AEE9383C77C6100DC885 /* [CP] Copy Pods Resources */ = {
			isa = PBXShellScriptBuildPhase;
			buildActionMask = 2147483647;
			files = (
			);
			inputPaths = (
			);
			name = "[CP] Copy Pods Resources";
			outputPaths = (
			);
			runOnlyForDeploymentPostprocessing = 0;
			shellPath = /bin/sh;
			shellScript = "\"${SRCROOT}/Pods/Target Support Files/Pods-自定义流水布局/Pods-自定义流水布局-resources.sh\"\n";
			showEnvVarsInLog = 0;
		};
/* End PBXShellScriptBuildPhase section */

/* Begin PBXSourcesBuildPhase section */
		031CED5E1EE3E53200A4F662 /* Sources */ = {
			isa = PBXSourcesBuildPhase;
			buildActionMask = 2147483647;
			files = (
				031CED821EE3ED4600A4F662 /* LFPhotoCell.m in Sources */,
				031CED6D1EE3E53200A4F662 /* ViewController.m in Sources */,
				031CED6A1EE3E53200A4F662 /* AppDelegate.m in Sources */,
				031CED861EE3F87A00A4F662 /* LFPhotoFlowLayout.m in Sources */,
				031CED671EE3E53200A4F662 /* main.m in Sources */,
			);
			runOnlyForDeploymentPostprocessing = 0;
		};
/* End PBXSourcesBuildPhase section */

/* Begin PBXVariantGroup section */
		031CED6E1EE3E53200A4F662 /* Main.storyboard */ = {
			isa = PBXVariantGroup;
			children = (
				031CED6F1EE3E53200A4F662 /* Base */,
			);
			name = Main.storyboard;
			sourceTree = "<group>";
		};
		031CED731EE3E53200A4F662 /* LaunchScreen.storyboard */ = {
			isa = PBXVariantGroup;
			children = (
				031CED741EE3E53200A4F662 /* Base */,
			);
			name = LaunchScreen.storyboard;
			sourceTree = "<group>";
		};
/* End PBXVariantGroup section */

/* Begin XCBuildConfiguration section */
		031CED771EE3E53200A4F662 /* Debug */ = {
			isa = XCBuildConfiguration;
			buildSettings = {
				ALWAYS_SEARCH_USER_PATHS = NO;
				CLANG_ANALYZER_NONNULL = YES;
				CLANG_ANALYZER_NUMBER_OBJECT_CONVERSION = YES_AGGRESSIVE;
				CLANG_CXX_LANGUAGE_STANDARD = "gnu++0x";
				CLANG_CXX_LIBRARY = "libc++";
				CLANG_ENABLE_MODULES = YES;
				CLANG_ENABLE_OBJC_ARC = YES;
				CLANG_WARN_BOOL_CONVERSION = YES;
				CLANG_WARN_CONSTANT_CONVERSION = YES;
				CLANG_WARN_DIRECT_OBJC_ISA_USAGE = YES_ERROR;
				CLANG_WARN_DOCUMENTATION_COMMENTS = YES;
				CLANG_WARN_EMPTY_BODY = YES;
				CLANG_WARN_ENUM_CONVERSION = YES;
				CLANG_WARN_INFINITE_RECURSION = YES;
				CLANG_WARN_INT_CONVERSION = YES;
				CLANG_WARN_OBJC_ROOT_CLASS = YES_ERROR;
				CLANG_WARN_SUSPICIOUS_MOVE = YES;
				CLANG_WARN_UNREACHABLE_CODE = YES;
				CLANG_WARN__DUPLICATE_METHOD_MATCH = YES;
				"CODE_SIGN_IDENTITY[sdk=iphoneos*]" = "iPhone Developer";
				COPY_PHASE_STRIP = NO;
				DEBUG_INFORMATION_FORMAT = dwarf;
				ENABLE_STRICT_OBJC_MSGSEND = YES;
				ENABLE_TESTABILITY = YES;
				GCC_C_LANGUAGE_STANDARD = gnu99;
				GCC_DYNAMIC_NO_PIC = NO;
				GCC_NO_COMMON_BLOCKS = YES;
				GCC_OPTIMIZATION_LEVEL = 0;
				GCC_PREPROCESSOR_DEFINITIONS = (
					"DEBUG=1",
					"$(inherited)",
				);
				GCC_WARN_64_TO_32_BIT_CONVERSION = YES;
				GCC_WARN_ABOUT_RETURN_TYPE = YES_ERROR;
				GCC_WARN_UNDECLARED_SELECTOR = YES;
				GCC_WARN_UNINITIALIZED_AUTOS = YES_AGGRESSIVE;
				GCC_WARN_UNUSED_FUNCTION = YES;
				GCC_WARN_UNUSED_VARIABLE = YES;
				IPHONEOS_DEPLOYMENT_TARGET = 10.3;
				MTL_ENABLE_DEBUG_INFO = YES;
				ONLY_ACTIVE_ARCH = YES;
				SDKROOT = iphoneos;
			};
			name = Debug;
		};
		031CED781EE3E53200A4F662 /* Release */ = {
			isa = XCBuildConfiguration;
			buildSettings = {
				ALWAYS_SEARCH_USER_PATHS = NO;
				CLANG_ANALYZER_NONNULL = YES;
				CLANG_ANALYZER_NUMBER_OBJECT_CONVERSION = YES_AGGRESSIVE;
				CLANG_CXX_LANGUAGE_STANDARD = "gnu++0x";
				CLANG_CXX_LIBRARY = "libc++";
				CLANG_ENABLE_MODULES = YES;
				CLANG_ENABLE_OBJC_ARC = YES;
				CLANG_WARN_BOOL_CONVERSION = YES;
				CLANG_WARN_CONSTANT_CONVERSION = YES;
				CLANG_WARN_DIRECT_OBJC_ISA_USAGE = YES_ERROR;
				CLANG_WARN_DOCUMENTATION_COMMENTS = YES;
				CLANG_WARN_EMPTY_BODY = YES;
				CLANG_WARN_ENUM_CONVERSION = YES;
				CLANG_WARN_INFINITE_RECURSION = YES;
				CLANG_WARN_INT_CONVERSION = YES;
				CLANG_WARN_OBJC_ROOT_CLASS = YES_ERROR;
				CLANG_WARN_SUSPICIOUS_MOVE = YES;
				CLANG_WARN_UNREACHABLE_CODE = YES;
				CLANG_WARN__DUPLICATE_METHOD_MATCH = YES;
				"CODE_SIGN_IDENTITY[sdk=iphoneos*]" = "iPhone Developer";
				COPY_PHASE_STRIP = NO;
				DEBUG_INFORMATION_FORMAT = "dwarf-with-dsym";
				ENABLE_NS_ASSERTIONS = NO;
				ENABLE_STRICT_OBJC_MSGSEND = YES;
				GCC_C_LANGUAGE_STANDARD = gnu99;
				GCC_NO_COMMON_BLOCKS = YES;
				GCC_WARN_64_TO_32_BIT_CONVERSION = YES;
				GCC_WARN_ABOUT_RETURN_TYPE = YES_ERROR;
				GCC_WARN_UNDECLARED_SELECTOR = YES;
				GCC_WARN_UNINITIALIZED_AUTOS = YES_AGGRESSIVE;
				GCC_WARN_UNUSED_FUNCTION = YES;
				GCC_WARN_UNUSED_VARIABLE = YES;
				IPHONEOS_DEPLOYMENT_TARGET = 10.3;
				MTL_ENABLE_DEBUG_INFO = NO;
				SDKROOT = iphoneos;
				VALIDATE_PRODUCT = YES;
			};
			name = Release;
		};
		031CED7A1EE3E53200A4F662 /* Debug */ = {
			isa = XCBuildConfiguration;
			baseConfigurationReference = E18CFF0B1136D4DF02117631 /* Pods-自定义流水布局.debug.xcconfig */;
			buildSettings = {
				ASSETCATALOG_COMPILER_APPICON_NAME = AppIcon;
				DEVELOPMENT_TEAM = QDT8L8LPPU;
				INFOPLIST_FILE = "自定义流水布局/Info.plist";
				LD_RUNPATH_SEARCH_PATHS = "$(inherited) @executable_path/Frameworks";
				PRODUCT_BUNDLE_IDENTIFIER = "com.kaituo.-------";
				PRODUCT_NAME = "$(TARGET_NAME)";
				USER_HEADER_SEARCH_PATHS = "$(SRCROOT)/**";
			};
			name = Debug;
		};
		031CED7B1EE3E53200A4F662 /* Release */ = {
			isa = XCBuildConfiguration;
			baseConfigurationReference = 4535815D683E0F4924D1B2D0 /* Pods-自定义流水布局.release.xcconfig */;
			buildSettings = {
				ASSETCATALOG_COMPILER_APPICON_NAME = AppIcon;
				DEVELOPMENT_TEAM = QDT8L8LPPU;
				INFOPLIST_FILE = "自定义流水布局/Info.plist";
				LD_RUNPATH_SEARCH_PATHS = "$(inherited) @executable_path/Frameworks";
				PRODUCT_BUNDLE_IDENTIFIER = "com.kaituo.-------";
				PRODUCT_NAME = "$(TARGET_NAME)";
				USER_HEADER_SEARCH_PATHS = "$(SRCROOT)/**";
			};
			name = Release;
		};
/* End XCBuildConfiguration section */

/* Begin XCConfigurationList section */
		031CED5D1EE3E53200A4F662 /* Build configuration list for PBXProject "自定义流水布局" */ = {
			isa = XCConfigurationList;
			buildConfigurations = (
				031CED771EE3E53200A4F662 /* Debug */,
				031CED781EE3E53200A4F662 /* Release */,
			);
			defaultConfigurationIsVisible = 0;
			defaultConfigurationName = Release;
		};
		031CED791EE3E53200A4F662 /* Build configuration list for PBXNativeTarget "自定义流水布局" */ = {
			isa = XCConfigurationList;
			buildConfigurations = (
				031CED7A1EE3E53200A4F662 /* Debug */,
				031CED7B1EE3E53200A4F662 /* Release */,
			);
			defaultConfigurationIsVisible = 0;
			defaultConfigurationName = Release;
		};
/* End XCConfigurationList section */
	};
	rootObject = 031CED5A1EE3E53200A4F662 /* Project object */;
}
