// !$*UTF8*$!
{
	archiveVersion = 1;
	classes = {
	};
	objectVersion = 46;
	objects = {

/* Begin PBXBuildFile section */
		030079691EF421E800C6B37C /* LFDrawingViewController.m in Sources */ = {isa = PBXBuildFile; fileRef = 030079681EF421E800C6B37C /* LFDrawingViewController.m */; };
		0300796C1EF4262B00C6B37C /* LFDrawView.m in Sources */ = {isa = PBXBuildFile; fileRef = 0300796B1EF4262B00C6B37C /* LFDrawView.m */; };
		03AF7A131EF2D2F0008BA7D2 /* LFViewController.m in Sources */ = {isa = PBXBuildFile; fileRef = 03AF7A121EF2D2F0008BA7D2 /* LFViewController.m */; };
		03AF7A161EF2D663008BA7D2 /* LFClockView.m in Sources */ = {isa = PBXBuildFile; fileRef = 03AF7A151EF2D663008BA7D2 /* LFClockView.m */; };
		03B80CA41EF1760E00CB74D9 /* UIKit.framework in Frameworks */ = {isa = PBXBuildFile; fileRef = 03B80CA31EF1760E00CB74D9 /* UIKit.framework */; };
		03B80CA71EF17B0400CB74D9 /* LFImageView.m in Sources */ = {isa = PBXBuildFile; fileRef = 03B80CA61EF17B0400CB74D9 /* LFImageView.m */; };
		03B80CAA1EF17EC200CB74D9 /* LFVCView.m in Sources */ = {isa = PBXBuildFile; fileRef = 03B80CA91EF17EC200CB74D9 /* LFVCView.m */; };
		03CDEF6D1EF502EA00530828 /* LFHandleView.m in Sources */ = {isa = PBXBuildFile; fileRef = 03CDEF6C1EF502EA00530828 /* LFHandleView.m */; };
		03D77E231EF01C9F00FDB960 /* main.m in Sources */ = {isa = PBXBuildFile; fileRef = 03D77E221EF01C9F00FDB960 /* main.m */; };
		03D77E261EF01C9F00FDB960 /* AppDelegate.m in Sources */ = {isa = PBXBuildFile; fileRef = 03D77E251EF01C9F00FDB960 /* AppDelegate.m */; };
		03D77E291EF01C9F00FDB960 /* ViewController.m in Sources */ = {isa = PBXBuildFile; fileRef = 03D77E281EF01C9F00FDB960 /* ViewController.m */; };
		03D77E2C1EF01C9F00FDB960 /* Main.storyboard in Resources */ = {isa = PBXBuildFile; fileRef = 03D77E2A1EF01C9F00FDB960 /* Main.storyboard */; };
		03D77E2E1EF01C9F00FDB960 /* Assets.xcassets in Resources */ = {isa = PBXBuildFile; fileRef = 03D77E2D1EF01C9F00FDB960 /* Assets.xcassets */; };
		03D77E311EF01C9F00FDB960 /* LaunchScreen.storyboard in Resources */ = {isa = PBXBuildFile; fileRef = 03D77E2F1EF01C9F00FDB960 /* LaunchScreen.storyboard */; };
		03D77E3A1EF01E4E00FDB960 /* LFRedView.m in Sources */ = {isa = PBXBuildFile; fileRef = 03D77E391EF01E4E00FDB960 /* LFRedView.m */; };
/* End PBXBuildFile section */

/* Begin PBXFileReference section */
		030079671EF421E800C6B37C /* LFDrawingViewController.h */ = {isa = PBXFileReference; fileEncoding = 4; lastKnownFileType = sourcecode.c.h; path = LFDrawingViewController.h; sourceTree = "<group>"; };
		030079681EF421E800C6B37C /* LFDrawingViewController.m */ = {isa = PBXFileReference; fileEncoding = 4; lastKnownFileType = sourcecode.c.objc; path = LFDrawingViewController.m; sourceTree = "<group>"; };
		0300796A1EF4262B00C6B37C /* LFDrawView.h */ = {isa = PBXFileReference; fileEncoding = 4; lastKnownFileType = sourcecode.c.h; path = LFDrawView.h; sourceTree = "<group>"; };
		0300796B1EF4262B00C6B37C /* LFDrawView.m */ = {isa = PBXFileReference; fileEncoding = 4; lastKnownFileType = sourcecode.c.objc; path = LFDrawView.m; sourceTree = "<group>"; };
		03AF7A111EF2D2F0008BA7D2 /* LFViewController.h */ = {isa = PBXFileReference; fileEncoding = 4; lastKnownFileType = sourcecode.c.h; path = LFViewController.h; sourceTree = "<group>"; };
		03AF7A121EF2D2F0008BA7D2 /* LFViewController.m */ = {isa = PBXFileReference; fileEncoding = 4; lastKnownFileType = sourcecode.c.objc; path = LFViewController.m; sourceTree = "<group>"; };
		03AF7A141EF2D663008BA7D2 /* LFClockView.h */ = {isa = PBXFileReference; fileEncoding = 4; lastKnownFileType = sourcecode.c.h; path = LFClockView.h; sourceTree = "<group>"; };
		03AF7A151EF2D663008BA7D2 /* LFClockView.m */ = {isa = PBXFileReference; fileEncoding = 4; lastKnownFileType = sourcecode.c.objc; path = LFClockView.m; sourceTree = "<group>"; };
		03B80CA31EF1760E00CB74D9 /* UIKit.framework */ = {isa = PBXFileReference; lastKnownFileType = wrapper.framework; name = UIKit.framework; path = System/Library/Frameworks/UIKit.framework; sourceTree = SDKROOT; };
		03B80CA51EF17B0400CB74D9 /* LFImageView.h */ = {isa = PBXFileReference; fileEncoding = 4; lastKnownFileType = sourcecode.c.h; path = LFImageView.h; sourceTree = "<group>"; };
		03B80CA61EF17B0400CB74D9 /* LFImageView.m */ = {isa = PBXFileReference; fileEncoding = 4; lastKnownFileType = sourcecode.c.objc; path = LFImageView.m; sourceTree = "<group>"; };
		03B80CA81EF17EC200CB74D9 /* LFVCView.h */ = {isa = PBXFileReference; fileEncoding = 4; lastKnownFileType = sourcecode.c.h; path = LFVCView.h; sourceTree = "<group>"; };
		03B80CA91EF17EC200CB74D9 /* LFVCView.m */ = {isa = PBXFileReference; fileEncoding = 4; lastKnownFileType = sourcecode.c.objc; path = LFVCView.m; sourceTree = "<group>"; };
		03CDEF6B1EF502EA00530828 /* LFHandleView.h */ = {isa = PBXFileReference; fileEncoding = 4; lastKnownFileType = sourcecode.c.h; path = LFHandleView.h; sourceTree = "<group>"; };
		03CDEF6C1EF502EA00530828 /* LFHandleView.m */ = {isa = PBXFileReference; fileEncoding = 4; lastKnownFileType = sourcecode.c.objc; path = LFHandleView.m; sourceTree = "<group>"; };
		03D77E1E1EF01C9F00FDB960 /* LFGraphics.app */ = {isa = PBXFileReference; explicitFileType = wrapper.application; includeInIndex = 0; path = LFGraphics.app; sourceTree = BUILT_PRODUCTS_DIR; };
		03D77E221EF01C9F00FDB960 /* main.m */ = {isa = PBXFileReference; lastKnownFileType = sourcecode.c.objc; path = main.m; sourceTree = "<group>"; };
		03D77E241EF01C9F00FDB960 /* AppDelegate.h */ = {isa = PBXFileReference; lastKnownFileType = sourcecode.c.h; path = AppDelegate.h; sourceTree = "<group>"; };
		03D77E251EF01C9F00FDB960 /* AppDelegate.m */ = {isa = PBXFileReference; lastKnownFileType = sourcecode.c.objc; path = AppDelegate.m; sourceTree = "<group>"; };
		03D77E271EF01C9F00FDB960 /* ViewController.h */ = {isa = PBXFileReference; lastKnownFileType = sourcecode.c.h; path = ViewController.h; sourceTree = "<group>"; };
		03D77E281EF01C9F00FDB960 /* ViewController.m */ = {isa = PBXFileReference; lastKnownFileType = sourcecode.c.objc; path = ViewController.m; sourceTree = "<group>"; };
		03D77E2B1EF01C9F00FDB960 /* Base */ = {isa = PBXFileReference; lastKnownFileType = file.storyboard; name = Base; path = Base.lproj/Main.storyboard; sourceTree = "<group>"; };
		03D77E2D1EF01C9F00FDB960 /* Assets.xcassets */ = {isa = PBXFileReference; lastKnownFileType = folder.assetcatalog; path = Assets.xcassets; sourceTree = "<group>"; };
		03D77E301EF01C9F00FDB960 /* Base */ = {isa = PBXFileReference; lastKnownFileType = file.storyboard; name = Base; path = Base.lproj/LaunchScreen.storyboard; sourceTree = "<group>"; };
		03D77E321EF01C9F00FDB960 /* Info.plist */ = {isa = PBXFileReference; lastKnownFileType = text.plist.xml; path = Info.plist; sourceTree = "<group>"; };
		03D77E381EF01E4E00FDB960 /* LFRedView.h */ = {isa = PBXFileReference; fileEncoding = 4; lastKnownFileType = sourcecode.c.h; path = LFRedView.h; sourceTree = "<group>"; };
		03D77E391EF01E4E00FDB960 /* LFRedView.m */ = {isa = PBXFileReference; fileEncoding = 4; lastKnownFileType = sourcecode.c.objc; path = LFRedView.m; sourceTree = "<group>"; };
/* End PBXFileReference section */

/* Begin PBXFrameworksBuildPhase section */
		03D77E1B1EF01C9F00FDB960 /* Frameworks */ = {
			isa = PBXFrameworksBuildPhase;
			buildActionMask = 2147483647;
			files = (
				03B80CA41EF1760E00CB74D9 /* UIKit.framework in Frameworks */,
			);
			runOnlyForDeploymentPostprocessing = 0;
		};
/* End PBXFrameworksBuildPhase section */

/* Begin PBXGroup section */
		03B80CA21EF1760E00CB74D9 /* Frameworks */ = {
			isa = PBXGroup;
			children = (
				03B80CA31EF1760E00CB74D9 /* UIKit.framework */,
			);
			name = Frameworks;
			sourceTree = "<group>";
		};
		03D77E151EF01C9F00FDB960 = {
			isa = PBXGroup;
			children = (
				03D77E201EF01C9F00FDB960 /* LFGraphics */,
				03B80CA21EF1760E00CB74D9 /* Frameworks */,
				03D77E1F1EF01C9F00FDB960 /* Products */,
			);
			sourceTree = "<group>";
		};
		03D77E1F1EF01C9F00FDB960 /* Products */ = {
			isa = PBXGroup;
			children = (
				03D77E1E1EF01C9F00FDB960 /* LFGraphics.app */,
			);
			name = Products;
			sourceTree = "<group>";
		};
		03D77E201EF01C9F00FDB960 /* LFGraphics */ = {
			isa = PBXGroup;
			children = (
				03D77E2A1EF01C9F00FDB960 /* Main.storyboard */,
				03D77E241EF01C9F00FDB960 /* AppDelegate.h */,
				03D77E251EF01C9F00FDB960 /* AppDelegate.m */,
				030079671EF421E800C6B37C /* LFDrawingViewController.h */,
				030079681EF421E800C6B37C /* LFDrawingViewController.m */,
				0300796A1EF4262B00C6B37C /* LFDrawView.h */,
				0300796B1EF4262B00C6B37C /* LFDrawView.m */,
				03CDEF6B1EF502EA00530828 /* LFHandleView.h */,
				03CDEF6C1EF502EA00530828 /* LFHandleView.m */,
				03D77E271EF01C9F00FDB960 /* ViewController.h */,
				03D77E281EF01C9F00FDB960 /* ViewController.m */,
				03AF7A111EF2D2F0008BA7D2 /* LFViewController.h */,
				03AF7A121EF2D2F0008BA7D2 /* LFViewController.m */,
				03AF7A141EF2D663008BA7D2 /* LFClockView.h */,
				03AF7A151EF2D663008BA7D2 /* LFClockView.m */,
				03D77E381EF01E4E00FDB960 /* LFRedView.h */,
				03D77E391EF01E4E00FDB960 /* LFRedView.m */,
				03B80CA51EF17B0400CB74D9 /* LFImageView.h */,
				03B80CA61EF17B0400CB74D9 /* LFImageView.m */,
				03B80CA81EF17EC200CB74D9 /* LFVCView.h */,
				03B80CA91EF17EC200CB74D9 /* LFVCView.m */,
				03D77E211EF01C9F00FDB960 /* Supporting Files */,
			);
			path = LFGraphics;
			sourceTree = "<group>";
		};
		03D77E211EF01C9F00FDB960 /* Supporting Files */ = {
			isa = PBXGroup;
			children = (
				03D77E2D1EF01C9F00FDB960 /* Assets.xcassets */,
				03D77E2F1EF01C9F00FDB960 /* LaunchScreen.storyboard */,
				03D77E321EF01C9F00FDB960 /* Info.plist */,
				03D77E221EF01C9F00FDB960 /* main.m */,
			);
			name = "Supporting Files";
			sourceTree = "<group>";
		};
/* End PBXGroup section */

/* Begin PBXNativeTarget section */
		03D77E1D1EF01C9F00FDB960 /* LFGraphics */ = {
			isa = PBXNativeTarget;
			buildConfigurationList = 03D77E351EF01C9F00FDB960 /* Build configuration list for PBXNativeTarget "LFGraphics" */;
			buildPhases = (
				03D77E1A1EF01C9F00FDB960 /* Sources */,
				03D77E1B1EF01C9F00FDB960 /* Frameworks */,
				03D77E1C1EF01C9F00FDB960 /* Resources */,
			);
			buildRules = (
			);
			dependencies = (
			);
			name = LFGraphics;
			productName = LFGraphics;
			productReference = 03D77E1E1EF01C9F00FDB960 /* LFGraphics.app */;
			productType = "com.apple.product-type.application";
		};
/* End PBXNativeTarget section */

/* Begin PBXProject section */
		03D77E161EF01C9F00FDB960 /* Project object */ = {
			isa = PBXProject;
			attributes = {
				CLASSPREFIX = LF;
				LastUpgradeCheck = 0830;
				ORGANIZATIONNAME = liufeng;
				TargetAttributes = {
					03D77E1D1EF01C9F00FDB960 = {
						CreatedOnToolsVersion = 8.3.2;
						DevelopmentTeam = QDT8L8LPPU;
						ProvisioningStyle = Automatic;
					};
				};
			};
			buildConfigurationList = 03D77E191EF01C9F00FDB960 /* Build configuration list for PBXProject "LFGraphics" */;
			compatibilityVersion = "Xcode 3.2";
			developmentRegion = English;
			hasScannedForEncodings = 0;
			knownRegions = (
				en,
				Base,
			);
			mainGroup = 03D77E151EF01C9F00FDB960;
			productRefGroup = 03D77E1F1EF01C9F00FDB960 /* Products */;
			projectDirPath = "";
			projectRoot = "";
			targets = (
				03D77E1D1EF01C9F00FDB960 /* LFGraphics */,
			);
		};
/* End PBXProject section */

/* Begin PBXResourcesBuildPhase section */
		03D77E1C1EF01C9F00FDB960 /* Resources */ = {
			isa = PBXResourcesBuildPhase;
			buildActionMask = 2147483647;
			files = (
				03D77E311EF01C9F00FDB960 /* LaunchScreen.storyboard in Resources */,
				03D77E2E1EF01C9F00FDB960 /* Assets.xcassets in Resources */,
				03D77E2C1EF01C9F00FDB960 /* Main.storyboard in Resources */,
			);
			runOnlyForDeploymentPostprocessing = 0;
		};
/* End PBXResourcesBuildPhase section */

/* Begin PBXSourcesBuildPhase section */
		03D77E1A1EF01C9F00FDB960 /* Sources */ = {
			isa = PBXSourcesBuildPhase;
			buildActionMask = 2147483647;
			files = (
				03D77E291EF01C9F00FDB960 /* ViewController.m in Sources */,
				03AF7A161EF2D663008BA7D2 /* LFClockView.m in Sources */,
				03AF7A131EF2D2F0008BA7D2 /* LFViewController.m in Sources */,
				03D77E261EF01C9F00FDB960 /* AppDelegate.m in Sources */,
				03B80CA71EF17B0400CB74D9 /* LFImageView.m in Sources */,
				03B80CAA1EF17EC200CB74D9 /* LFVCView.m in Sources */,
				030079691EF421E800C6B37C /* LFDrawingViewController.m in Sources */,
				03D77E3A1EF01E4E00FDB960 /* LFRedView.m in Sources */,
				0300796C1EF4262B00C6B37C /* LFDrawView.m in Sources */,
				03CDEF6D1EF502EA00530828 /* LFHandleView.m in Sources */,
				03D77E231EF01C9F00FDB960 /* main.m in Sources */,
			);
			runOnlyForDeploymentPostprocessing = 0;
		};
/* End PBXSourcesBuildPhase section */

/* Begin PBXVariantGroup section */
		03D77E2A1EF01C9F00FDB960 /* Main.storyboard */ = {
			isa = PBXVariantGroup;
			children = (
				03D77E2B1EF01C9F00FDB960 /* Base */,
			);
			name = Main.storyboard;
			sourceTree = "<group>";
		};
		03D77E2F1EF01C9F00FDB960 /* LaunchScreen.storyboard */ = {
			isa = PBXVariantGroup;
			children = (
				03D77E301EF01C9F00FDB960 /* Base */,
			);
			name = LaunchScreen.storyboard;
			sourceTree = "<group>";
		};
/* End PBXVariantGroup section */

/* Begin XCBuildConfiguration section */
		03D77E331EF01C9F00FDB960 /* Debug */ = {
			isa = XCBuildConfiguration;
			buildSettings = {
				ALWAYS_SEARCH_USER_PATHS = NO;
				CLANG_ANALYZER_NONNULL = YES;
				CLANG_ANALYZER_NUMBER_OBJECT_CONVERSION = YES_AGGRESSIVE;
				CLANG_CXX_LANGUAGE_STANDARD = "gnu++0x";
				CLANG_CXX_LIBRARY = "libc++";
				CLANG_ENABLE_MODULES = YES;
				CLANG_ENABLE_OBJC_ARC = YES;
				CLANG_WARN_BOOL_CONVERSION = YES;
				CLANG_WARN_CONSTANT_CONVERSION = YES;
				CLANG_WARN_DIRECT_OBJC_ISA_USAGE = YES_ERROR;
				CLANG_WARN_DOCUMENTATION_COMMENTS = YES;
				CLANG_WARN_EMPTY_BODY = YES;
				CLANG_WARN_ENUM_CONVERSION = YES;
				CLANG_WARN_INFINITE_RECURSION = YES;
				CLANG_WARN_INT_CONVERSION = YES;
				CLANG_WARN_OBJC_ROOT_CLASS = YES_ERROR;
				CLANG_WARN_SUSPICIOUS_MOVE = YES;
				CLANG_WARN_UNREACHABLE_CODE = YES;
				CLANG_WARN__DUPLICATE_METHOD_MATCH = YES;
				"CODE_SIGN_IDENTITY[sdk=iphoneos*]" = "iPhone Developer";
				COPY_PHASE_STRIP = NO;
				DEBUG_INFORMATION_FORMAT = dwarf;
				ENABLE_STRICT_OBJC_MSGSEND = YES;
				ENABLE_TESTABILITY = YES;
				GCC_C_LANGUAGE_STANDARD = gnu99;
				GCC_DYNAMIC_NO_PIC = NO;
				GCC_NO_COMMON_BLOCKS = YES;
				GCC_OPTIMIZATION_LEVEL = 0;
				GCC_PREPROCESSOR_DEFINITIONS = (
					"DEBUG=1",
					"$(inherited)",
				);
				GCC_WARN_64_TO_32_BIT_CONVERSION = YES;
				GCC_WARN_ABOUT_RETURN_TYPE = YES_ERROR;
				GCC_WARN_UNDECLARED_SELECTOR = YES;
				GCC_WARN_UNINITIALIZED_AUTOS = YES_AGGRESSIVE;
				GCC_WARN_UNUSED_FUNCTION = YES;
				GCC_WARN_UNUSED_VARIABLE = YES;
				IPHONEOS_DEPLOYMENT_TARGET = 10.3;
				MTL_ENABLE_DEBUG_INFO = YES;
				ONLY_ACTIVE_ARCH = YES;
				SDKROOT = iphoneos;
			};
			name = Debug;
		};
		03D77E341EF01C9F00FDB960 /* Release */ = {
			isa = XCBuildConfiguration;
			buildSettings = {
				ALWAYS_SEARCH_USER_PATHS = NO;
				CLANG_ANALYZER_NONNULL = YES;
				CLANG_ANALYZER_NUMBER_OBJECT_CONVERSION = YES_AGGRESSIVE;
				CLANG_CXX_LANGUAGE_STANDARD = "gnu++0x";
				CLANG_CXX_LIBRARY = "libc++";
				CLANG_ENABLE_MODULES = YES;
				CLANG_ENABLE_OBJC_ARC = YES;
				CLANG_WARN_BOOL_CONVERSION = YES;
				CLANG_WARN_CONSTANT_CONVERSION = YES;
				CLANG_WARN_DIRECT_OBJC_ISA_USAGE = YES_ERROR;
				CLANG_WARN_DOCUMENTATION_COMMENTS = YES;
				CLANG_WARN_EMPTY_BODY = YES;
				CLANG_WARN_ENUM_CONVERSION = YES;
				CLANG_WARN_INFINITE_RECURSION = YES;
				CLANG_WARN_INT_CONVERSION = YES;
				CLANG_WARN_OBJC_ROOT_CLASS = YES_ERROR;
				CLANG_WARN_SUSPICIOUS_MOVE = YES;
				CLANG_WARN_UNREACHABLE_CODE = YES;
				CLANG_WARN__DUPLICATE_METHOD_MATCH = YES;
				"CODE_SIGN_IDENTITY[sdk=iphoneos*]" = "iPhone Developer";
				COPY_PHASE_STRIP = NO;
				DEBUG_INFORMATION_FORMAT = "dwarf-with-dsym";
				ENABLE_NS_ASSERTIONS = NO;
				ENABLE_STRICT_OBJC_MSGSEND = YES;
				GCC_C_LANGUAGE_STANDARD = gnu99;
				GCC_NO_COMMON_BLOCKS = YES;
				GCC_WARN_64_TO_32_BIT_CONVERSION = YES;
				GCC_WARN_ABOUT_RETURN_TYPE = YES_ERROR;
				GCC_WARN_UNDECLARED_SELECTOR = YES;
				GCC_WARN_UNINITIALIZED_AUTOS = YES_AGGRESSIVE;
				GCC_WARN_UNUSED_FUNCTION = YES;
				GCC_WARN_UNUSED_VARIABLE = YES;
				IPHONEOS_DEPLOYMENT_TARGET = 10.3;
				MTL_ENABLE_DEBUG_INFO = NO;
				SDKROOT = iphoneos;
				VALIDATE_PRODUCT = YES;
			};
			name = Release;
		};
		03D77E361EF01C9F00FDB960 /* Debug */ = {
			isa = XCBuildConfiguration;
			buildSettings = {
				ASSETCATALOG_COMPILER_APPICON_NAME = AppIcon;
				DEVELOPMENT_TEAM = QDT8L8LPPU;
				INFOPLIST_FILE = LFGraphics/Info.plist;
				LD_RUNPATH_SEARCH_PATHS = "$(inherited) @executable_path/Frameworks";
				PRODUCT_BUNDLE_IDENTIFIER = com.kaituo.LFGraphics;
				PRODUCT_NAME = "$(TARGET_NAME)";
			};
			name = Debug;
		};
		03D77E371EF01C9F00FDB960 /* Release */ = {
			isa = XCBuildConfiguration;
			buildSettings = {
				ASSETCATALOG_COMPILER_APPICON_NAME = AppIcon;
				DEVELOPMENT_TEAM = QDT8L8LPPU;
				INFOPLIST_FILE = LFGraphics/Info.plist;
				LD_RUNPATH_SEARCH_PATHS = "$(inherited) @executable_path/Frameworks";
				PRODUCT_BUNDLE_IDENTIFIER = com.kaituo.LFGraphics;
				PRODUCT_NAME = "$(TARGET_NAME)";
			};
			name = Release;
		};
/* End XCBuildConfiguration section */

/* Begin XCConfigurationList section */
		03D77E191EF01C9F00FDB960 /* Build configuration list for PBXProject "LFGraphics" */ = {
			isa = XCConfigurationList;
			buildConfigurations = (
				03D77E331EF01C9F00FDB960 /* Debug */,
				03D77E341EF01C9F00FDB960 /* Release */,
			);
			defaultConfigurationIsVisible = 0;
			defaultConfigurationName = Release;
		};
		03D77E351EF01C9F00FDB960 /* Build configuration list for PBXNativeTarget "LFGraphics" */ = {
			isa = XCConfigurationList;
			buildConfigurations = (
				03D77E361EF01C9F00FDB960 /* Debug */,
				03D77E371EF01C9F00FDB960 /* Release */,
			);
			defaultConfigurationIsVisible = 0;
			defaultConfigurationName = Release;
		};
/* End XCConfigurationList section */
	};
	rootObject = 03D77E161EF01C9F00FDB960 /* Project object */;
}
