// !$*UTF8*$!
{
	archiveVersion = 1;
	classes = {
	};
	objectVersion = 46;
	objects = {

/* Begin PBXBuildFile section */
		032B48581EE15954001C941F /* LFTestViewController.m in Sources */ = {isa = PBXBuildFile; fileRef = 032B48571EE15954001C941F /* LFTestViewController.m */; };
		032B485A1EE15960001C941F /* Test.storyboard in Resources */ = {isa = PBXBuildFile; fileRef = 032B48591EE15960001C941F /* Test.storyboard */; };
		032B485D1EE162A2001C941F /* LFScrollViewController.m in Sources */ = {isa = PBXBuildFile; fileRef = 032B485C1EE162A2001C941F /* LFScrollViewController.m */; };
		032B48601EE1B15B001C941F /* LFPerson.m in Sources */ = {isa = PBXBuildFile; fileRef = 032B485F1EE1B15B001C941F /* LFPerson.m */; };
		032B48631EE1B174001C941F /* LFiOS.m in Sources */ = {isa = PBXBuildFile; fileRef = 032B48621EE1B174001C941F /* LFiOS.m */; };
		032B48661EE1B189001C941F /* LFLanguage.m in Sources */ = {isa = PBXBuildFile; fileRef = 032B48651EE1B189001C941F /* LFLanguage.m */; };
		032B48691EE1B1A7001C941F /* LFJava.m in Sources */ = {isa = PBXBuildFile; fileRef = 032B48681EE1B1A7001C941F /* LFJava.m */; };
		032B486C1EE1B80E001C941F /* LFSon.m in Sources */ = {isa = PBXBuildFile; fileRef = 032B486B1EE1B80E001C941F /* LFSon.m */; };
		032B486F1EE1BFB6001C941F /* LFRuntimeViewController.m in Sources */ = {isa = PBXBuildFile; fileRef = 032B486E1EE1BFB6001C941F /* LFRuntimeViewController.m */; };
		032B48721EE1CBE3001C941F /* UIImage+LFImage.m in Sources */ = {isa = PBXBuildFile; fileRef = 032B48711EE1CBE3001C941F /* UIImage+LFImage.m */; };
		032B48751EE1D950001C941F /* NSObject+LFOBJC.m in Sources */ = {isa = PBXBuildFile; fileRef = 032B48741EE1D950001C941F /* NSObject+LFOBJC.m */; };
		032B48781EE1DC73001C941F /* LFKVCViewController.m in Sources */ = {isa = PBXBuildFile; fileRef = 032B48771EE1DC73001C941F /* LFKVCViewController.m */; };
		032B487A1EE1DD3E001C941F /* movie.plist in Resources */ = {isa = PBXBuildFile; fileRef = 032B48791EE1DD3E001C941F /* movie.plist */; };
		032B487D1EE1DE9F001C941F /* LFFilmModel.m in Sources */ = {isa = PBXBuildFile; fileRef = 032B487C1EE1DE9F001C941F /* LFFilmModel.m */; };
		032B48841EE2A291001C941F /* LFKetViewController.m in Sources */ = {isa = PBXBuildFile; fileRef = 032B48831EE2A291001C941F /* LFKetViewController.m */; };
		032B48861EE2A299001C941F /* Key.storyboard in Resources */ = {isa = PBXBuildFile; fileRef = 032B48851EE2A299001C941F /* Key.storyboard */; };
		03C4A6A81EE2E726006D9DD3 /* LFSuperViewController.m in Sources */ = {isa = PBXBuildFile; fileRef = 03C4A6A71EE2E726006D9DD3 /* LFSuperViewController.m */; };
		03C4A6AA1EE2E731006D9DD3 /* Super.storyboard in Resources */ = {isa = PBXBuildFile; fileRef = 03C4A6A91EE2E731006D9DD3 /* Super.storyboard */; };
		03C4A6AD1EE2E9EA006D9DD3 /* LFSocialViewController.m in Sources */ = {isa = PBXBuildFile; fileRef = 03C4A6AC1EE2E9EA006D9DD3 /* LFSocialViewController.m */; };
		03C4A6B01EE2E9F6006D9DD3 /* LFHotViewController.m in Sources */ = {isa = PBXBuildFile; fileRef = 03C4A6AF1EE2E9F6006D9DD3 /* LFHotViewController.m */; };
		03C4A6B31EE2E9FF006D9DD3 /* LFTopViewController.m in Sources */ = {isa = PBXBuildFile; fileRef = 03C4A6B21EE2E9FF006D9DD3 /* LFTopViewController.m */; };
		03C612281EE05EF50066B22E /* main.m in Sources */ = {isa = PBXBuildFile; fileRef = 03C612271EE05EF50066B22E /* main.m */; };
		03C6122B1EE05EF50066B22E /* AppDelegate.m in Sources */ = {isa = PBXBuildFile; fileRef = 03C6122A1EE05EF50066B22E /* AppDelegate.m */; };
		03C612311EE05EF50066B22E /* Main.storyboard in Resources */ = {isa = PBXBuildFile; fileRef = 03C6122F1EE05EF50066B22E /* Main.storyboard */; };
		03C612331EE05EF50066B22E /* Assets.xcassets in Resources */ = {isa = PBXBuildFile; fileRef = 03C612321EE05EF50066B22E /* Assets.xcassets */; };
		03C612361EE05EF50066B22E /* LaunchScreen.storyboard in Resources */ = {isa = PBXBuildFile; fileRef = 03C612341EE05EF50066B22E /* LaunchScreen.storyboard */; };
		03C612431EE05F150066B22E /* LFLoginViewController.m in Sources */ = {isa = PBXBuildFile; fileRef = 03C6123F1EE05F150066B22E /* LFLoginViewController.m */; };
		03C612441EE05F150066B22E /* LFLoginViewModel.m in Sources */ = {isa = PBXBuildFile; fileRef = 03C612411EE05F150066B22E /* LFLoginViewModel.m */; };
		03C612451EE05F150066B22E /* Login.storyboard in Resources */ = {isa = PBXBuildFile; fileRef = 03C612421EE05F150066B22E /* Login.storyboard */; };
		03C6124C1EE05F3D0066B22E /* LFNotification.m in Sources */ = {isa = PBXBuildFile; fileRef = 03C612491EE05F3D0066B22E /* LFNotification.m */; };
		03C6124D1EE05F3D0066B22E /* MBProgressHUD.m in Sources */ = {isa = PBXBuildFile; fileRef = 03C6124B1EE05F3D0066B22E /* MBProgressHUD.m */; };
		03C612501EE066810066B22E /* LFMainViewController.m in Sources */ = {isa = PBXBuildFile; fileRef = 03C6124F1EE066810066B22E /* LFMainViewController.m */; };
		03C612531EE066AA0066B22E /* LFMainViewModel.m in Sources */ = {isa = PBXBuildFile; fileRef = 03C612521EE066AA0066B22E /* LFMainViewModel.m */; };
		03C612561EE069000066B22E /* LFMovieModel.m in Sources */ = {isa = PBXBuildFile; fileRef = 03C612551EE069000066B22E /* LFMovieModel.m */; };
		03C612591EE0693A0066B22E /* LFMovies.m in Sources */ = {isa = PBXBuildFile; fileRef = 03C612581EE0693A0066B22E /* LFMovies.m */; };
		03C6125C1EE070FA0066B22E /* LFMovieCell.m in Sources */ = {isa = PBXBuildFile; fileRef = 03C6125B1EE070FA0066B22E /* LFMovieCell.m */; };
		03C6125E1EE071270066B22E /* LFMovieCell.xib in Resources */ = {isa = PBXBuildFile; fileRef = 03C6125D1EE071270066B22E /* LFMovieCell.xib */; };
		03C612611EE079010066B22E /* LFDetailViewController.m in Sources */ = {isa = PBXBuildFile; fileRef = 03C612601EE079010066B22E /* LFDetailViewController.m */; };
		03C612641EE0796F0066B22E /* LFDetailViewModel.m in Sources */ = {isa = PBXBuildFile; fileRef = 03C612631EE0796F0066B22E /* LFDetailViewModel.m */; };
		0E334421008CF7C7CA9CF2F1 /* libPods-MVVMTest.a in Frameworks */ = {isa = PBXBuildFile; fileRef = 24E95090337A49FA7CD97934 /* libPods-MVVMTest.a */; };
/* End PBXBuildFile section */

/* Begin PBXFileReference section */
		032B48561EE15954001C941F /* LFTestViewController.h */ = {isa = PBXFileReference; fileEncoding = 4; lastKnownFileType = sourcecode.c.h; path = LFTestViewController.h; sourceTree = "<group>"; };
		032B48571EE15954001C941F /* LFTestViewController.m */ = {isa = PBXFileReference; fileEncoding = 4; lastKnownFileType = sourcecode.c.objc; path = LFTestViewController.m; sourceTree = "<group>"; };
		032B48591EE15960001C941F /* Test.storyboard */ = {isa = PBXFileReference; fileEncoding = 4; lastKnownFileType = file.storyboard; path = Test.storyboard; sourceTree = "<group>"; };
		032B485B1EE162A2001C941F /* LFScrollViewController.h */ = {isa = PBXFileReference; fileEncoding = 4; lastKnownFileType = sourcecode.c.h; path = LFScrollViewController.h; sourceTree = "<group>"; };
		032B485C1EE162A2001C941F /* LFScrollViewController.m */ = {isa = PBXFileReference; fileEncoding = 4; lastKnownFileType = sourcecode.c.objc; path = LFScrollViewController.m; sourceTree = "<group>"; };
		032B485E1EE1B15B001C941F /* LFPerson.h */ = {isa = PBXFileReference; fileEncoding = 4; lastKnownFileType = sourcecode.c.h; path = LFPerson.h; sourceTree = "<group>"; };
		032B485F1EE1B15B001C941F /* LFPerson.m */ = {isa = PBXFileReference; fileEncoding = 4; lastKnownFileType = sourcecode.c.objc; path = LFPerson.m; sourceTree = "<group>"; };
		032B48611EE1B174001C941F /* LFiOS.h */ = {isa = PBXFileReference; fileEncoding = 4; lastKnownFileType = sourcecode.c.h; path = LFiOS.h; sourceTree = "<group>"; };
		032B48621EE1B174001C941F /* LFiOS.m */ = {isa = PBXFileReference; fileEncoding = 4; lastKnownFileType = sourcecode.c.objc; path = LFiOS.m; sourceTree = "<group>"; };
		032B48641EE1B189001C941F /* LFLanguage.h */ = {isa = PBXFileReference; fileEncoding = 4; lastKnownFileType = sourcecode.c.h; path = LFLanguage.h; sourceTree = "<group>"; };
		032B48651EE1B189001C941F /* LFLanguage.m */ = {isa = PBXFileReference; fileEncoding = 4; lastKnownFileType = sourcecode.c.objc; path = LFLanguage.m; sourceTree = "<group>"; };
		032B48671EE1B1A7001C941F /* LFJava.h */ = {isa = PBXFileReference; fileEncoding = 4; lastKnownFileType = sourcecode.c.h; path = LFJava.h; sourceTree = "<group>"; };
		032B48681EE1B1A7001C941F /* LFJava.m */ = {isa = PBXFileReference; fileEncoding = 4; lastKnownFileType = sourcecode.c.objc; path = LFJava.m; sourceTree = "<group>"; };
		032B486A1EE1B80E001C941F /* LFSon.h */ = {isa = PBXFileReference; fileEncoding = 4; lastKnownFileType = sourcecode.c.h; path = LFSon.h; sourceTree = "<group>"; };
		032B486B1EE1B80E001C941F /* LFSon.m */ = {isa = PBXFileReference; fileEncoding = 4; lastKnownFileType = sourcecode.c.objc; path = LFSon.m; sourceTree = "<group>"; };
		032B486D1EE1BFB6001C941F /* LFRuntimeViewController.h */ = {isa = PBXFileReference; fileEncoding = 4; lastKnownFileType = sourcecode.c.h; path = LFRuntimeViewController.h; sourceTree = "<group>"; };
		032B486E1EE1BFB6001C941F /* LFRuntimeViewController.m */ = {isa = PBXFileReference; fileEncoding = 4; lastKnownFileType = sourcecode.c.objc; path = LFRuntimeViewController.m; sourceTree = "<group>"; };
		032B48701EE1CBE3001C941F /* UIImage+LFImage.h */ = {isa = PBXFileReference; fileEncoding = 4; lastKnownFileType = sourcecode.c.h; path = "UIImage+LFImage.h"; sourceTree = "<group>"; };
		032B48711EE1CBE3001C941F /* UIImage+LFImage.m */ = {isa = PBXFileReference; fileEncoding = 4; lastKnownFileType = sourcecode.c.objc; path = "UIImage+LFImage.m"; sourceTree = "<group>"; };
		032B48731EE1D950001C941F /* NSObject+LFOBJC.h */ = {isa = PBXFileReference; fileEncoding = 4; lastKnownFileType = sourcecode.c.h; path = "NSObject+LFOBJC.h"; sourceTree = "<group>"; };
		032B48741EE1D950001C941F /* NSObject+LFOBJC.m */ = {isa = PBXFileReference; fileEncoding = 4; lastKnownFileType = sourcecode.c.objc; path = "NSObject+LFOBJC.m"; sourceTree = "<group>"; };
		032B48761EE1DC73001C941F /* LFKVCViewController.h */ = {isa = PBXFileReference; fileEncoding = 4; lastKnownFileType = sourcecode.c.h; path = LFKVCViewController.h; sourceTree = "<group>"; };
		032B48771EE1DC73001C941F /* LFKVCViewController.m */ = {isa = PBXFileReference; fileEncoding = 4; lastKnownFileType = sourcecode.c.objc; path = LFKVCViewController.m; sourceTree = "<group>"; };
		032B48791EE1DD3E001C941F /* movie.plist */ = {isa = PBXFileReference; fileEncoding = 4; lastKnownFileType = text.plist.xml; path = movie.plist; sourceTree = "<group>"; };
		032B487B1EE1DE9F001C941F /* LFFilmModel.h */ = {isa = PBXFileReference; fileEncoding = 4; lastKnownFileType = sourcecode.c.h; path = LFFilmModel.h; sourceTree = "<group>"; };
		032B487C1EE1DE9F001C941F /* LFFilmModel.m */ = {isa = PBXFileReference; fileEncoding = 4; lastKnownFileType = sourcecode.c.objc; path = LFFilmModel.m; sourceTree = "<group>"; };
		032B48821EE2A291001C941F /* LFKetViewController.h */ = {isa = PBXFileReference; fileEncoding = 4; lastKnownFileType = sourcecode.c.h; path = LFKetViewController.h; sourceTree = "<group>"; };
		032B48831EE2A291001C941F /* LFKetViewController.m */ = {isa = PBXFileReference; fileEncoding = 4; lastKnownFileType = sourcecode.c.objc; path = LFKetViewController.m; sourceTree = "<group>"; };
		032B48851EE2A299001C941F /* Key.storyboard */ = {isa = PBXFileReference; fileEncoding = 4; lastKnownFileType = file.storyboard; path = Key.storyboard; sourceTree = "<group>"; };
		03C4A6A61EE2E726006D9DD3 /* LFSuperViewController.h */ = {isa = PBXFileReference; fileEncoding = 4; lastKnownFileType = sourcecode.c.h; path = LFSuperViewController.h; sourceTree = "<group>"; };
		03C4A6A71EE2E726006D9DD3 /* LFSuperViewController.m */ = {isa = PBXFileReference; fileEncoding = 4; lastKnownFileType = sourcecode.c.objc; path = LFSuperViewController.m; sourceTree = "<group>"; };
		03C4A6A91EE2E731006D9DD3 /* Super.storyboard */ = {isa = PBXFileReference; fileEncoding = 4; lastKnownFileType = file.storyboard; path = Super.storyboard; sourceTree = "<group>"; };
		03C4A6AB1EE2E9EA006D9DD3 /* LFSocialViewController.h */ = {isa = PBXFileReference; fileEncoding = 4; lastKnownFileType = sourcecode.c.h; path = LFSocialViewController.h; sourceTree = "<group>"; };
		03C4A6AC1EE2E9EA006D9DD3 /* LFSocialViewController.m */ = {isa = PBXFileReference; fileEncoding = 4; lastKnownFileType = sourcecode.c.objc; path = LFSocialViewController.m; sourceTree = "<group>"; };
		03C4A6AE1EE2E9F6006D9DD3 /* LFHotViewController.h */ = {isa = PBXFileReference; fileEncoding = 4; lastKnownFileType = sourcecode.c.h; path = LFHotViewController.h; sourceTree = "<group>"; };
		03C4A6AF1EE2E9F6006D9DD3 /* LFHotViewController.m */ = {isa = PBXFileReference; fileEncoding = 4; lastKnownFileType = sourcecode.c.objc; path = LFHotViewController.m; sourceTree = "<group>"; };
		03C4A6B11EE2E9FF006D9DD3 /* LFTopViewController.h */ = {isa = PBXFileReference; fileEncoding = 4; lastKnownFileType = sourcecode.c.h; path = LFTopViewController.h; sourceTree = "<group>"; };
		03C4A6B21EE2E9FF006D9DD3 /* LFTopViewController.m */ = {isa = PBXFileReference; fileEncoding = 4; lastKnownFileType = sourcecode.c.objc; path = LFTopViewController.m; sourceTree = "<group>"; };
		03C612231EE05EF50066B22E /* MVVMTest.app */ = {isa = PBXFileReference; explicitFileType = wrapper.application; includeInIndex = 0; path = MVVMTest.app; sourceTree = BUILT_PRODUCTS_DIR; };
		03C612271EE05EF50066B22E /* main.m */ = {isa = PBXFileReference; lastKnownFileType = sourcecode.c.objc; path = main.m; sourceTree = "<group>"; };
		03C612291EE05EF50066B22E /* AppDelegate.h */ = {isa = PBXFileReference; lastKnownFileType = sourcecode.c.h; path = AppDelegate.h; sourceTree = "<group>"; };
		03C6122A1EE05EF50066B22E /* AppDelegate.m */ = {isa = PBXFileReference; lastKnownFileType = sourcecode.c.objc; path = AppDelegate.m; sourceTree = "<group>"; };
		03C612301EE05EF50066B22E /* Base */ = {isa = PBXFileReference; lastKnownFileType = file.storyboard; name = Base; path = Base.lproj/Main.storyboard; sourceTree = "<group>"; };
		03C612321EE05EF50066B22E /* Assets.xcassets */ = {isa = PBXFileReference; lastKnownFileType = folder.assetcatalog; path = Assets.xcassets; sourceTree = "<group>"; };
		03C612351EE05EF50066B22E /* Base */ = {isa = PBXFileReference; lastKnownFileType = file.storyboard; name = Base; path = Base.lproj/LaunchScreen.storyboard; sourceTree = "<group>"; };
		03C612371EE05EF50066B22E /* Info.plist */ = {isa = PBXFileReference; lastKnownFileType = text.plist.xml; path = Info.plist; sourceTree = "<group>"; };
		03C6123E1EE05F150066B22E /* LFLoginViewController.h */ = {isa = PBXFileReference; fileEncoding = 4; lastKnownFileType = sourcecode.c.h; path = LFLoginViewController.h; sourceTree = "<group>"; };
		03C6123F1EE05F150066B22E /* LFLoginViewController.m */ = {isa = PBXFileReference; fileEncoding = 4; lastKnownFileType = sourcecode.c.objc; path = LFLoginViewController.m; sourceTree = "<group>"; };
		03C612401EE05F150066B22E /* LFLoginViewModel.h */ = {isa = PBXFileReference; fileEncoding = 4; lastKnownFileType = sourcecode.c.h; path = LFLoginViewModel.h; sourceTree = "<group>"; };
		03C612411EE05F150066B22E /* LFLoginViewModel.m */ = {isa = PBXFileReference; fileEncoding = 4; lastKnownFileType = sourcecode.c.objc; path = LFLoginViewModel.m; sourceTree = "<group>"; };
		03C612421EE05F150066B22E /* Login.storyboard */ = {isa = PBXFileReference; fileEncoding = 4; lastKnownFileType = file.storyboard; path = Login.storyboard; sourceTree = "<group>"; };
		03C612481EE05F3D0066B22E /* LFNotification.h */ = {isa = PBXFileReference; fileEncoding = 4; lastKnownFileType = sourcecode.c.h; path = LFNotification.h; sourceTree = "<group>"; };
		03C612491EE05F3D0066B22E /* LFNotification.m */ = {isa = PBXFileReference; fileEncoding = 4; lastKnownFileType = sourcecode.c.objc; path = LFNotification.m; sourceTree = "<group>"; };
		03C6124A1EE05F3D0066B22E /* MBProgressHUD.h */ = {isa = PBXFileReference; fileEncoding = 4; lastKnownFileType = sourcecode.c.h; path = MBProgressHUD.h; sourceTree = "<group>"; };
		03C6124B1EE05F3D0066B22E /* MBProgressHUD.m */ = {isa = PBXFileReference; fileEncoding = 4; lastKnownFileType = sourcecode.c.objc; path = MBProgressHUD.m; sourceTree = "<group>"; };
		03C6124E1EE066810066B22E /* LFMainViewController.h */ = {isa = PBXFileReference; fileEncoding = 4; lastKnownFileType = sourcecode.c.h; path = LFMainViewController.h; sourceTree = "<group>"; };
		03C6124F1EE066810066B22E /* LFMainViewController.m */ = {isa = PBXFileReference; fileEncoding = 4; lastKnownFileType = sourcecode.c.objc; path = LFMainViewController.m; sourceTree = "<group>"; };
		03C612511EE066AA0066B22E /* LFMainViewModel.h */ = {isa = PBXFileReference; fileEncoding = 4; lastKnownFileType = sourcecode.c.h; path = LFMainViewModel.h; sourceTree = "<group>"; };
		03C612521EE066AA0066B22E /* LFMainViewModel.m */ = {isa = PBXFileReference; fileEncoding = 4; lastKnownFileType = sourcecode.c.objc; path = LFMainViewModel.m; sourceTree = "<group>"; };
		03C612541EE069000066B22E /* LFMovieModel.h */ = {isa = PBXFileReference; fileEncoding = 4; lastKnownFileType = sourcecode.c.h; path = LFMovieModel.h; sourceTree = "<group>"; };
		03C612551EE069000066B22E /* LFMovieModel.m */ = {isa = PBXFileReference; fileEncoding = 4; lastKnownFileType = sourcecode.c.objc; path = LFMovieModel.m; sourceTree = "<group>"; };
		03C612571EE0693A0066B22E /* LFMovies.h */ = {isa = PBXFileReference; fileEncoding = 4; lastKnownFileType = sourcecode.c.h; path = LFMovies.h; sourceTree = "<group>"; };
		03C612581EE0693A0066B22E /* LFMovies.m */ = {isa = PBXFileReference; fileEncoding = 4; lastKnownFileType = sourcecode.c.objc; path = LFMovies.m; sourceTree = "<group>"; };
		03C6125A1EE070FA0066B22E /* LFMovieCell.h */ = {isa = PBXFileReference; fileEncoding = 4; lastKnownFileType = sourcecode.c.h; path = LFMovieCell.h; sourceTree = "<group>"; };
		03C6125B1EE070FA0066B22E /* LFMovieCell.m */ = {isa = PBXFileReference; fileEncoding = 4; lastKnownFileType = sourcecode.c.objc; path = LFMovieCell.m; sourceTree = "<group>"; };
		03C6125D1EE071270066B22E /* LFMovieCell.xib */ = {isa = PBXFileReference; fileEncoding = 4; lastKnownFileType = file.xib; path = LFMovieCell.xib; sourceTree = "<group>"; };
		03C6125F1EE079010066B22E /* LFDetailViewController.h */ = {isa = PBXFileReference; fileEncoding = 4; lastKnownFileType = sourcecode.c.h; path = LFDetailViewController.h; sourceTree = "<group>"; };
		03C612601EE079010066B22E /* LFDetailViewController.m */ = {isa = PBXFileReference; fileEncoding = 4; lastKnownFileType = sourcecode.c.objc; path = LFDetailViewController.m; sourceTree = "<group>"; };
		03C612621EE0796F0066B22E /* LFDetailViewModel.h */ = {isa = PBXFileReference; fileEncoding = 4; lastKnownFileType = sourcecode.c.h; path = LFDetailViewModel.h; sourceTree = "<group>"; };
		03C612631EE0796F0066B22E /* LFDetailViewModel.m */ = {isa = PBXFileReference; fileEncoding = 4; lastKnownFileType = sourcecode.c.objc; path = LFDetailViewModel.m; sourceTree = "<group>"; };
		24E95090337A49FA7CD97934 /* libPods-MVVMTest.a */ = {isa = PBXFileReference; explicitFileType = archive.ar; includeInIndex = 0; path = "libPods-MVVMTest.a"; sourceTree = BUILT_PRODUCTS_DIR; };
		B019350DFCE629180E377C7C /* Pods-MVVMTest.release.xcconfig */ = {isa = PBXFileReference; includeInIndex = 1; lastKnownFileType = text.xcconfig; name = "Pods-MVVMTest.release.xcconfig"; path = "Pods/Target Support Files/Pods-MVVMTest/Pods-MVVMTest.release.xcconfig"; sourceTree = "<group>"; };
		CED00CF958654496B1B9EE12 /* Pods-MVVMTest.debug.xcconfig */ = {isa = PBXFileReference; includeInIndex = 1; lastKnownFileType = text.xcconfig; name = "Pods-MVVMTest.debug.xcconfig"; path = "Pods/Target Support Files/Pods-MVVMTest/Pods-MVVMTest.debug.xcconfig"; sourceTree = "<group>"; };
/* End PBXFileReference section */

/* Begin PBXFrameworksBuildPhase section */
		03C612201EE05EF50066B22E /* Frameworks */ = {
			isa = PBXFrameworksBuildPhase;
			buildActionMask = 2147483647;
			files = (
				0E334421008CF7C7CA9CF2F1 /* libPods-MVVMTest.a in Frameworks */,
			);
			runOnlyForDeploymentPostprocessing = 0;
		};
/* End PBXFrameworksBuildPhase section */

/* Begin PBXGroup section */
		032B48551EE15875001C941F /* Test */ = {
			isa = PBXGroup;
			children = (
				032B48591EE15960001C941F /* Test.storyboard */,
				032B48791EE1DD3E001C941F /* movie.plist */,
				032B48761EE1DC73001C941F /* LFKVCViewController.h */,
				032B48771EE1DC73001C941F /* LFKVCViewController.m */,
				032B486D1EE1BFB6001C941F /* LFRuntimeViewController.h */,
				032B486E1EE1BFB6001C941F /* LFRuntimeViewController.m */,
				032B48561EE15954001C941F /* LFTestViewController.h */,
				032B48571EE15954001C941F /* LFTestViewController.m */,
				032B485B1EE162A2001C941F /* LFScrollViewController.h */,
				032B485C1EE162A2001C941F /* LFScrollViewController.m */,
				032B485E1EE1B15B001C941F /* LFPerson.h */,
				032B485F1EE1B15B001C941F /* LFPerson.m */,
				032B48611EE1B174001C941F /* LFiOS.h */,
				032B48621EE1B174001C941F /* LFiOS.m */,
				032B48641EE1B189001C941F /* LFLanguage.h */,
				032B48651EE1B189001C941F /* LFLanguage.m */,
				032B48671EE1B1A7001C941F /* LFJava.h */,
				032B48681EE1B1A7001C941F /* LFJava.m */,
				032B486A1EE1B80E001C941F /* LFSon.h */,
				032B486B1EE1B80E001C941F /* LFSon.m */,
				032B487B1EE1DE9F001C941F /* LFFilmModel.h */,
				032B487C1EE1DE9F001C941F /* LFFilmModel.m */,
				032B48701EE1CBE3001C941F /* UIImage+LFImage.h */,
				032B48711EE1CBE3001C941F /* UIImage+LFImage.m */,
				032B48731EE1D950001C941F /* NSObject+LFOBJC.h */,
				032B48741EE1D950001C941F /* NSObject+LFOBJC.m */,
			);
			name = Test;
			sourceTree = "<group>";
		};
		032B48811EE2A27A001C941F /* Key */ = {
			isa = PBXGroup;
			children = (
				032B48851EE2A299001C941F /* Key.storyboard */,
				032B48821EE2A291001C941F /* LFKetViewController.h */,
				032B48831EE2A291001C941F /* LFKetViewController.m */,
			);
			name = Key;
			sourceTree = "<group>";
		};
		03C4A6A51EE2E6F4006D9DD3 /* Super */ = {
			isa = PBXGroup;
			children = (
				03C4A6A91EE2E731006D9DD3 /* Super.storyboard */,
				03C4A6A61EE2E726006D9DD3 /* LFSuperViewController.h */,
				03C4A6A71EE2E726006D9DD3 /* LFSuperViewController.m */,
				03C4A6AB1EE2E9EA006D9DD3 /* LFSocialViewController.h */,
				03C4A6AC1EE2E9EA006D9DD3 /* LFSocialViewController.m */,
				03C4A6AE1EE2E9F6006D9DD3 /* LFHotViewController.h */,
				03C4A6AF1EE2E9F6006D9DD3 /* LFHotViewController.m */,
				03C4A6B11EE2E9FF006D9DD3 /* LFTopViewController.h */,
				03C4A6B21EE2E9FF006D9DD3 /* LFTopViewController.m */,
			);
			name = Super;
			sourceTree = "<group>";
		};
		03C6121A1EE05EF50066B22E = {
			isa = PBXGroup;
			children = (
				03C612251EE05EF50066B22E /* MVVMTest */,
				03C612241EE05EF50066B22E /* Products */,
				C5BDA029E79706722C9E2F06 /* Pods */,
				ED893E682893D603704CBC91 /* Frameworks */,
			);
			sourceTree = "<group>";
		};
		03C612241EE05EF50066B22E /* Products */ = {
			isa = PBXGroup;
			children = (
				03C612231EE05EF50066B22E /* MVVMTest.app */,
			);
			name = Products;
			sourceTree = "<group>";
		};
		03C612251EE05EF50066B22E /* MVVMTest */ = {
			isa = PBXGroup;
			children = (
				03C612291EE05EF50066B22E /* AppDelegate.h */,
				03C6122A1EE05EF50066B22E /* AppDelegate.m */,
				03C612321EE05EF50066B22E /* Assets.xcassets */,
				03C4A6A51EE2E6F4006D9DD3 /* Super */,
				032B48811EE2A27A001C941F /* Key */,
				03C6123D1EE05F0A0066B22E /* Login */,
				032B48551EE15875001C941F /* Test */,
				03C612461EE05F1A0066B22E /* Main */,
				03C612471EE05F3D0066B22E /* LFNotification */,
				03C612261EE05EF50066B22E /* Supporting Files */,
			);
			path = MVVMTest;
			sourceTree = "<group>";
		};
		03C612261EE05EF50066B22E /* Supporting Files */ = {
			isa = PBXGroup;
			children = (
				03C612341EE05EF50066B22E /* LaunchScreen.storyboard */,
				03C612371EE05EF50066B22E /* Info.plist */,
				03C612271EE05EF50066B22E /* main.m */,
			);
			name = "Supporting Files";
			sourceTree = "<group>";
		};
		03C6123D1EE05F0A0066B22E /* Login */ = {
			isa = PBXGroup;
			children = (
				03C612421EE05F150066B22E /* Login.storyboard */,
				03C6123E1EE05F150066B22E /* LFLoginViewController.h */,
				03C6123F1EE05F150066B22E /* LFLoginViewController.m */,
				03C612401EE05F150066B22E /* LFLoginViewModel.h */,
				03C612411EE05F150066B22E /* LFLoginViewModel.m */,
			);
			name = Login;
			sourceTree = "<group>";
		};
		03C612461EE05F1A0066B22E /* Main */ = {
			isa = PBXGroup;
			children = (
				03C6122F1EE05EF50066B22E /* Main.storyboard */,
				03C6124E1EE066810066B22E /* LFMainViewController.h */,
				03C6124F1EE066810066B22E /* LFMainViewController.m */,
				03C6125F1EE079010066B22E /* LFDetailViewController.h */,
				03C612601EE079010066B22E /* LFDetailViewController.m */,
				03C612511EE066AA0066B22E /* LFMainViewModel.h */,
				03C612521EE066AA0066B22E /* LFMainViewModel.m */,
				03C612621EE0796F0066B22E /* LFDetailViewModel.h */,
				03C612631EE0796F0066B22E /* LFDetailViewModel.m */,
				03C612571EE0693A0066B22E /* LFMovies.h */,
				03C612581EE0693A0066B22E /* LFMovies.m */,
				03C612541EE069000066B22E /* LFMovieModel.h */,
				03C612551EE069000066B22E /* LFMovieModel.m */,
				03C6125A1EE070FA0066B22E /* LFMovieCell.h */,
				03C6125B1EE070FA0066B22E /* LFMovieCell.m */,
				03C6125D1EE071270066B22E /* LFMovieCell.xib */,
			);
			name = Main;
			sourceTree = "<group>";
		};
		03C612471EE05F3D0066B22E /* LFNotification */ = {
			isa = PBXGroup;
			children = (
				03C612481EE05F3D0066B22E /* LFNotification.h */,
				03C612491EE05F3D0066B22E /* LFNotification.m */,
				03C6124A1EE05F3D0066B22E /* MBProgressHUD.h */,
				03C6124B1EE05F3D0066B22E /* MBProgressHUD.m */,
			);
			path = LFNotification;
			sourceTree = "<group>";
		};
		C5BDA029E79706722C9E2F06 /* Pods */ = {
			isa = PBXGroup;
			children = (
				CED00CF958654496B1B9EE12 /* Pods-MVVMTest.debug.xcconfig */,
				B019350DFCE629180E377C7C /* Pods-MVVMTest.release.xcconfig */,
			);
			name = Pods;
			sourceTree = "<group>";
		};
		ED893E682893D603704CBC91 /* Frameworks */ = {
			isa = PBXGroup;
			children = (
				24E95090337A49FA7CD97934 /* libPods-MVVMTest.a */,
			);
			name = Frameworks;
			sourceTree = "<group>";
		};
/* End PBXGroup section */

/* Begin PBXNativeTarget section */
		03C612221EE05EF50066B22E /* MVVMTest */ = {
			isa = PBXNativeTarget;
			buildConfigurationList = 03C6123A1EE05EF50066B22E /* Build configuration list for PBXNativeTarget "MVVMTest" */;
			buildPhases = (
				19AD1E2C3F07C7BDEE26C36C /* [CP] Check Pods Manifest.lock */,
				03C6121F1EE05EF50066B22E /* Sources */,
				03C612201EE05EF50066B22E /* Frameworks */,
				03C612211EE05EF50066B22E /* Resources */,
				EBC8C5D7C06556BA713159AF /* [CP] Embed Pods Frameworks */,
				BE0540E4BA1298C90D3650A2 /* [CP] Copy Pods Resources */,
			);
			buildRules = (
			);
			dependencies = (
			);
			name = MVVMTest;
			productName = MVVMTest;
			productReference = 03C612231EE05EF50066B22E /* MVVMTest.app */;
			productType = "com.apple.product-type.application";
		};
/* End PBXNativeTarget section */

/* Begin PBXProject section */
		03C6121B1EE05EF50066B22E /* Project object */ = {
			isa = PBXProject;
			attributes = {
				CLASSPREFIX = LF;
				LastUpgradeCheck = 0830;
				ORGANIZATIONNAME = liufeng;
				TargetAttributes = {
					03C612221EE05EF50066B22E = {
						CreatedOnToolsVersion = 8.3.2;
						DevelopmentTeam = QDT8L8LPPU;
						ProvisioningStyle = Automatic;
					};
				};
			};
			buildConfigurationList = 03C6121E1EE05EF50066B22E /* Build configuration list for PBXProject "MVVMTest" */;
			compatibilityVersion = "Xcode 3.2";
			developmentRegion = English;
			hasScannedForEncodings = 0;
			knownRegions = (
				en,
				Base,
			);
			mainGroup = 03C6121A1EE05EF50066B22E;
			productRefGroup = 03C612241EE05EF50066B22E /* Products */;
			projectDirPath = "";
			projectRoot = "";
			targets = (
				03C612221EE05EF50066B22E /* MVVMTest */,
			);
		};
/* End PBXProject section */

/* Begin PBXResourcesBuildPhase section */
		03C612211EE05EF50066B22E /* Resources */ = {
			isa = PBXResourcesBuildPhase;
			buildActionMask = 2147483647;
			files = (
				03C4A6AA1EE2E731006D9DD3 /* Super.storyboard in Resources */,
				032B485A1EE15960001C941F /* Test.storyboard in Resources */,
				03C612451EE05F150066B22E /* Login.storyboard in Resources */,
				03C612361EE05EF50066B22E /* LaunchScreen.storyboard in Resources */,
				03C612331EE05EF50066B22E /* Assets.xcassets in Resources */,
				03C6125E1EE071270066B22E /* LFMovieCell.xib in Resources */,
				032B487A1EE1DD3E001C941F /* movie.plist in Resources */,
				032B48861EE2A299001C941F /* Key.storyboard in Resources */,
				03C612311EE05EF50066B22E /* Main.storyboard in Resources */,
			);
			runOnlyForDeploymentPostprocessing = 0;
		};
/* End PBXResourcesBuildPhase section */

/* Begin PBXShellScriptBuildPhase section */
		19AD1E2C3F07C7BDEE26C36C /* [CP] Check Pods Manifest.lock */ = {
			isa = PBXShellScriptBuildPhase;
			buildActionMask = 2147483647;
			files = (
			);
			inputPaths = (
			);
			name = "[CP] Check Pods Manifest.lock";
			outputPaths = (
			);
			runOnlyForDeploymentPostprocessing = 0;
			shellPath = /bin/sh;
			shellScript = "diff \"${PODS_PODFILE_DIR_PATH}/Podfile.lock\" \"${PODS_ROOT}/Manifest.lock\" > /dev/null\nif [ $? != 0 ] ; then\n    # print error to STDERR\n    echo \"error: The sandbox is not in sync with the Podfile.lock. Run 'pod install' or update your CocoaPods installation.\" >&2\n    exit 1\nfi\n";
			showEnvVarsInLog = 0;
		};
		BE0540E4BA1298C90D3650A2 /* [CP] Copy Pods Resources */ = {
			isa = PBXShellScriptBuildPhase;
			buildActionMask = 2147483647;
			files = (
			);
			inputPaths = (
			);
			name = "[CP] Copy Pods Resources";
			outputPaths = (
			);
			runOnlyForDeploymentPostprocessing = 0;
			shellPath = /bin/sh;
			shellScript = "\"${SRCROOT}/Pods/Target Support Files/Pods-MVVMTest/Pods-MVVMTest-resources.sh\"\n";
			showEnvVarsInLog = 0;
		};
		EBC8C5D7C06556BA713159AF /* [CP] Embed Pods Frameworks */ = {
			isa = PBXShellScriptBuildPhase;
			buildActionMask = 2147483647;
			files = (
			);
			inputPaths = (
			);
			name = "[CP] Embed Pods Frameworks";
			outputPaths = (
			);
			runOnlyForDeploymentPostprocessing = 0;
			shellPath = /bin/sh;
			shellScript = "\"${SRCROOT}/Pods/Target Support Files/Pods-MVVMTest/Pods-MVVMTest-frameworks.sh\"\n";
			showEnvVarsInLog = 0;
		};
/* End PBXShellScriptBuildPhase section */

/* Begin PBXSourcesBuildPhase section */
		03C6121F1EE05EF50066B22E /* Sources */ = {
			isa = PBXSourcesBuildPhase;
			buildActionMask = 2147483647;
			files = (
				03C612561EE069000066B22E /* LFMovieModel.m in Sources */,
				03C612431EE05F150066B22E /* LFLoginViewController.m in Sources */,
				032B48691EE1B1A7001C941F /* LFJava.m in Sources */,
				032B48581EE15954001C941F /* LFTestViewController.m in Sources */,
				032B486C1EE1B80E001C941F /* LFSon.m in Sources */,
				03C6122B1EE05EF50066B22E /* AppDelegate.m in Sources */,
				03C4A6B31EE2E9FF006D9DD3 /* LFTopViewController.m in Sources */,
				03C612281EE05EF50066B22E /* main.m in Sources */,
				03C4A6AD1EE2E9EA006D9DD3 /* LFSocialViewController.m in Sources */,
				032B48721EE1CBE3001C941F /* UIImage+LFImage.m in Sources */,
				032B485D1EE162A2001C941F /* LFScrollViewController.m in Sources */,
				03C6124C1EE05F3D0066B22E /* LFNotification.m in Sources */,
				03C612441EE05F150066B22E /* LFLoginViewModel.m in Sources */,
				03C4A6B01EE2E9F6006D9DD3 /* LFHotViewController.m in Sources */,
				032B48841EE2A291001C941F /* LFKetViewController.m in Sources */,
				03C4A6A81EE2E726006D9DD3 /* LFSuperViewController.m in Sources */,
				032B487D1EE1DE9F001C941F /* LFFilmModel.m in Sources */,
				032B48631EE1B174001C941F /* LFiOS.m in Sources */,
				03C6124D1EE05F3D0066B22E /* MBProgressHUD.m in Sources */,
				032B48781EE1DC73001C941F /* LFKVCViewController.m in Sources */,
				03C6125C1EE070FA0066B22E /* LFMovieCell.m in Sources */,
				03C612501EE066810066B22E /* LFMainViewController.m in Sources */,
				03C612591EE0693A0066B22E /* LFMovies.m in Sources */,
				03C612641EE0796F0066B22E /* LFDetailViewModel.m in Sources */,
				03C612531EE066AA0066B22E /* LFMainViewModel.m in Sources */,
				032B48601EE1B15B001C941F /* LFPerson.m in Sources */,
				032B48751EE1D950001C941F /* NSObject+LFOBJC.m in Sources */,
				032B486F1EE1BFB6001C941F /* LFRuntimeViewController.m in Sources */,
				03C612611EE079010066B22E /* LFDetailViewController.m in Sources */,
				032B48661EE1B189001C941F /* LFLanguage.m in Sources */,
			);
			runOnlyForDeploymentPostprocessing = 0;
		};
/* End PBXSourcesBuildPhase section */

/* Begin PBXVariantGroup section */
		03C6122F1EE05EF50066B22E /* Main.storyboard */ = {
			isa = PBXVariantGroup;
			children = (
				03C612301EE05EF50066B22E /* Base */,
			);
			name = Main.storyboard;
			sourceTree = "<group>";
		};
		03C612341EE05EF50066B22E /* LaunchScreen.storyboard */ = {
			isa = PBXVariantGroup;
			children = (
				03C612351EE05EF50066B22E /* Base */,
			);
			name = LaunchScreen.storyboard;
			sourceTree = "<group>";
		};
/* End PBXVariantGroup section */

/* Begin XCBuildConfiguration section */
		03C612381EE05EF50066B22E /* Debug */ = {
			isa = XCBuildConfiguration;
			buildSettings = {
				ALWAYS_SEARCH_USER_PATHS = NO;
				CLANG_ANALYZER_NONNULL = YES;
				CLANG_ANALYZER_NUMBER_OBJECT_CONVERSION = YES_AGGRESSIVE;
				CLANG_CXX_LANGUAGE_STANDARD = "gnu++0x";
				CLANG_CXX_LIBRARY = "libc++";
				CLANG_ENABLE_MODULES = YES;
				CLANG_ENABLE_OBJC_ARC = YES;
				CLANG_WARN_BOOL_CONVERSION = YES;
				CLANG_WARN_CONSTANT_CONVERSION = YES;
				CLANG_WARN_DIRECT_OBJC_ISA_USAGE = YES_ERROR;
				CLANG_WARN_DOCUMENTATION_COMMENTS = YES;
				CLANG_WARN_EMPTY_BODY = YES;
				CLANG_WARN_ENUM_CONVERSION = YES;
				CLANG_WARN_INFINITE_RECURSION = YES;
				CLANG_WARN_INT_CONVERSION = YES;
				CLANG_WARN_OBJC_ROOT_CLASS = YES_ERROR;
				CLANG_WARN_SUSPICIOUS_MOVE = YES;
				CLANG_WARN_UNREACHABLE_CODE = YES;
				CLANG_WARN__DUPLICATE_METHOD_MATCH = YES;
				"CODE_SIGN_IDENTITY[sdk=iphoneos*]" = "iPhone Developer";
				COPY_PHASE_STRIP = NO;
				DEBUG_INFORMATION_FORMAT = dwarf;
				ENABLE_STRICT_OBJC_MSGSEND = YES;
				ENABLE_TESTABILITY = YES;
				GCC_C_LANGUAGE_STANDARD = gnu99;
				GCC_DYNAMIC_NO_PIC = NO;
				GCC_NO_COMMON_BLOCKS = YES;
				GCC_OPTIMIZATION_LEVEL = 0;
				GCC_PREPROCESSOR_DEFINITIONS = (
					"DEBUG=1",
					"$(inherited)",
				);
				GCC_WARN_64_TO_32_BIT_CONVERSION = YES;
				GCC_WARN_ABOUT_RETURN_TYPE = YES_ERROR;
				GCC_WARN_UNDECLARED_SELECTOR = YES;
				GCC_WARN_UNINITIALIZED_AUTOS = YES_AGGRESSIVE;
				GCC_WARN_UNUSED_FUNCTION = YES;
				GCC_WARN_UNUSED_VARIABLE = YES;
				IPHONEOS_DEPLOYMENT_TARGET = 10.3;
				MTL_ENABLE_DEBUG_INFO = YES;
				ONLY_ACTIVE_ARCH = YES;
				SDKROOT = iphoneos;
			};
			name = Debug;
		};
		03C612391EE05EF50066B22E /* Release */ = {
			isa = XCBuildConfiguration;
			buildSettings = {
				ALWAYS_SEARCH_USER_PATHS = NO;
				CLANG_ANALYZER_NONNULL = YES;
				CLANG_ANALYZER_NUMBER_OBJECT_CONVERSION = YES_AGGRESSIVE;
				CLANG_CXX_LANGUAGE_STANDARD = "gnu++0x";
				CLANG_CXX_LIBRARY = "libc++";
				CLANG_ENABLE_MODULES = YES;
				CLANG_ENABLE_OBJC_ARC = YES;
				CLANG_WARN_BOOL_CONVERSION = YES;
				CLANG_WARN_CONSTANT_CONVERSION = YES;
				CLANG_WARN_DIRECT_OBJC_ISA_USAGE = YES_ERROR;
				CLANG_WARN_DOCUMENTATION_COMMENTS = YES;
				CLANG_WARN_EMPTY_BODY = YES;
				CLANG_WARN_ENUM_CONVERSION = YES;
				CLANG_WARN_INFINITE_RECURSION = YES;
				CLANG_WARN_INT_CONVERSION = YES;
				CLANG_WARN_OBJC_ROOT_CLASS = YES_ERROR;
				CLANG_WARN_SUSPICIOUS_MOVE = YES;
				CLANG_WARN_UNREACHABLE_CODE = YES;
				CLANG_WARN__DUPLICATE_METHOD_MATCH = YES;
				"CODE_SIGN_IDENTITY[sdk=iphoneos*]" = "iPhone Developer";
				COPY_PHASE_STRIP = NO;
				DEBUG_INFORMATION_FORMAT = "dwarf-with-dsym";
				ENABLE_NS_ASSERTIONS = NO;
				ENABLE_STRICT_OBJC_MSGSEND = YES;
				GCC_C_LANGUAGE_STANDARD = gnu99;
				GCC_NO_COMMON_BLOCKS = YES;
				GCC_WARN_64_TO_32_BIT_CONVERSION = YES;
				GCC_WARN_ABOUT_RETURN_TYPE = YES_ERROR;
				GCC_WARN_UNDECLARED_SELECTOR = YES;
				GCC_WARN_UNINITIALIZED_AUTOS = YES_AGGRESSIVE;
				GCC_WARN_UNUSED_FUNCTION = YES;
				GCC_WARN_UNUSED_VARIABLE = YES;
				IPHONEOS_DEPLOYMENT_TARGET = 10.3;
				MTL_ENABLE_DEBUG_INFO = NO;
				SDKROOT = iphoneos;
				VALIDATE_PRODUCT = YES;
			};
			name = Release;
		};
		03C6123B1EE05EF50066B22E /* Debug */ = {
			isa = XCBuildConfiguration;
			baseConfigurationReference = CED00CF958654496B1B9EE12 /* Pods-MVVMTest.debug.xcconfig */;
			buildSettings = {
				ASSETCATALOG_COMPILER_APPICON_NAME = AppIcon;
				DEVELOPMENT_TEAM = QDT8L8LPPU;
				ENABLE_STRICT_OBJC_MSGSEND = NO;
				INFOPLIST_FILE = MVVMTest/Info.plist;
				IPHONEOS_DEPLOYMENT_TARGET = 9.0;
				LD_RUNPATH_SEARCH_PATHS = "$(inherited) @executable_path/Frameworks";
				PRODUCT_BUNDLE_IDENTIFIER = com.kaituo.MVVMTest;
				PRODUCT_NAME = "$(TARGET_NAME)";
				USER_HEADER_SEARCH_PATHS = "$(SRCROOT)/**";
			};
			name = Debug;
		};
		03C6123C1EE05EF50066B22E /* Release */ = {
			isa = XCBuildConfiguration;
			baseConfigurationReference = B019350DFCE629180E377C7C /* Pods-MVVMTest.release.xcconfig */;
			buildSettings = {
				ASSETCATALOG_COMPILER_APPICON_NAME = AppIcon;
				DEVELOPMENT_TEAM = QDT8L8LPPU;
				ENABLE_STRICT_OBJC_MSGSEND = NO;
				INFOPLIST_FILE = MVVMTest/Info.plist;
				IPHONEOS_DEPLOYMENT_TARGET = 9.0;
				LD_RUNPATH_SEARCH_PATHS = "$(inherited) @executable_path/Frameworks";
				PRODUCT_BUNDLE_IDENTIFIER = com.kaituo.MVVMTest;
				PRODUCT_NAME = "$(TARGET_NAME)";
				USER_HEADER_SEARCH_PATHS = "$(SRCROOT)/**";
			};
			name = Release;
		};
/* End XCBuildConfiguration section */

/* Begin XCConfigurationList section */
		03C6121E1EE05EF50066B22E /* Build configuration list for PBXProject "MVVMTest" */ = {
			isa = XCConfigurationList;
			buildConfigurations = (
				03C612381EE05EF50066B22E /* Debug */,
				03C612391EE05EF50066B22E /* Release */,
			);
			defaultConfigurationIsVisible = 0;
			defaultConfigurationName = Release;
		};
		03C6123A1EE05EF50066B22E /* Build configuration list for PBXNativeTarget "MVVMTest" */ = {
			isa = XCConfigurationList;
			buildConfigurations = (
				03C6123B1EE05EF50066B22E /* Debug */,
				03C6123C1EE05EF50066B22E /* Release */,
			);
			defaultConfigurationIsVisible = 0;
			defaultConfigurationName = Release;
		};
/* End XCConfigurationList section */
	};
	rootObject = 03C6121B1EE05EF50066B22E /* Project object */;
}
