// !$*UTF8*$!
{
	archiveVersion = 1;
	classes = {
	};
	objectVersion = 46;
	objects = {

/* Begin PBXBuildFile section */
		03D729C91EF6E1C800E3040F /* main.m in Sources */ = {isa = PBXBuildFile; fileRef = 03D729C81EF6E1C800E3040F /* main.m */; };
		03D729CC1EF6E1C800E3040F /* AppDelegate.m in Sources */ = {isa = PBXBuildFile; fileRef = 03D729CB1EF6E1C800E3040F /* AppDelegate.m */; };
		03D729CF1EF6E1C800E3040F /* ViewController.m in Sources */ = {isa = PBXBuildFile; fileRef = 03D729CE1EF6E1C800E3040F /* ViewController.m */; };
		03D729D21EF6E1C800E3040F /* Main.storyboard in Resources */ = {isa = PBXBuildFile; fileRef = 03D729D01EF6E1C800E3040F /* Main.storyboard */; };
		03D729D41EF6E1C800E3040F /* Assets.xcassets in Resources */ = {isa = PBXBuildFile; fileRef = 03D729D31EF6E1C800E3040F /* Assets.xcassets */; };
		03D729D71EF6E1C800E3040F /* LaunchScreen.storyboard in Resources */ = {isa = PBXBuildFile; fileRef = 03D729D51EF6E1C800E3040F /* LaunchScreen.storyboard */; };
		03D729E01EF6E1FD00E3040F /* LFVCView.m in Sources */ = {isa = PBXBuildFile; fileRef = 03D729DF1EF6E1FD00E3040F /* LFVCView.m */; };
/* End PBXBuildFile section */

/* Begin PBXFileReference section */
		03D729C41EF6E1C800E3040F /* LFParticle.app */ = {isa = PBXFileReference; explicitFileType = wrapper.application; includeInIndex = 0; path = LFParticle.app; sourceTree = BUILT_PRODUCTS_DIR; };
		03D729C81EF6E1C800E3040F /* main.m */ = {isa = PBXFileReference; lastKnownFileType = sourcecode.c.objc; path = main.m; sourceTree = "<group>"; };
		03D729CA1EF6E1C800E3040F /* AppDelegate.h */ = {isa = PBXFileReference; lastKnownFileType = sourcecode.c.h; path = AppDelegate.h; sourceTree = "<group>"; };
		03D729CB1EF6E1C800E3040F /* AppDelegate.m */ = {isa = PBXFileReference; lastKnownFileType = sourcecode.c.objc; path = AppDelegate.m; sourceTree = "<group>"; };
		03D729CD1EF6E1C800E3040F /* ViewController.h */ = {isa = PBXFileReference; lastKnownFileType = sourcecode.c.h; path = ViewController.h; sourceTree = "<group>"; };
		03D729CE1EF6E1C800E3040F /* ViewController.m */ = {isa = PBXFileReference; lastKnownFileType = sourcecode.c.objc; path = ViewController.m; sourceTree = "<group>"; };
		03D729D11EF6E1C800E3040F /* Base */ = {isa = PBXFileReference; lastKnownFileType = file.storyboard; name = Base; path = Base.lproj/Main.storyboard; sourceTree = "<group>"; };
		03D729D31EF6E1C800E3040F /* Assets.xcassets */ = {isa = PBXFileReference; lastKnownFileType = folder.assetcatalog; path = Assets.xcassets; sourceTree = "<group>"; };
		03D729D61EF6E1C800E3040F /* Base */ = {isa = PBXFileReference; lastKnownFileType = file.storyboard; name = Base; path = Base.lproj/LaunchScreen.storyboard; sourceTree = "<group>"; };
		03D729D81EF6E1C800E3040F /* Info.plist */ = {isa = PBXFileReference; lastKnownFileType = text.plist.xml; path = Info.plist; sourceTree = "<group>"; };
		03D729DE1EF6E1FD00E3040F /* LFVCView.h */ = {isa = PBXFileReference; fileEncoding = 4; lastKnownFileType = sourcecode.c.h; path = LFVCView.h; sourceTree = "<group>"; };
		03D729DF1EF6E1FD00E3040F /* LFVCView.m */ = {isa = PBXFileReference; fileEncoding = 4; lastKnownFileType = sourcecode.c.objc; path = LFVCView.m; sourceTree = "<group>"; };
/* End PBXFileReference section */

/* Begin PBXFrameworksBuildPhase section */
		03D729C11EF6E1C800E3040F /* Frameworks */ = {
			isa = PBXFrameworksBuildPhase;
			buildActionMask = 2147483647;
			files = (
			);
			runOnlyForDeploymentPostprocessing = 0;
		};
/* End PBXFrameworksBuildPhase section */

/* Begin PBXGroup section */
		03D729BB1EF6E1C800E3040F = {
			isa = PBXGroup;
			children = (
				03D729C61EF6E1C800E3040F /* LFParticle */,
				03D729C51EF6E1C800E3040F /* Products */,
			);
			sourceTree = "<group>";
		};
		03D729C51EF6E1C800E3040F /* Products */ = {
			isa = PBXGroup;
			children = (
				03D729C41EF6E1C800E3040F /* LFParticle.app */,
			);
			name = Products;
			sourceTree = "<group>";
		};
		03D729C61EF6E1C800E3040F /* LFParticle */ = {
			isa = PBXGroup;
			children = (
				03D729CA1EF6E1C800E3040F /* AppDelegate.h */,
				03D729CB1EF6E1C800E3040F /* AppDelegate.m */,
				03D729CD1EF6E1C800E3040F /* ViewController.h */,
				03D729CE1EF6E1C800E3040F /* ViewController.m */,
				03D729DE1EF6E1FD00E3040F /* LFVCView.h */,
				03D729DF1EF6E1FD00E3040F /* LFVCView.m */,
				03D729D01EF6E1C800E3040F /* Main.storyboard */,
				03D729D31EF6E1C800E3040F /* Assets.xcassets */,
				03D729D51EF6E1C800E3040F /* LaunchScreen.storyboard */,
				03D729D81EF6E1C800E3040F /* Info.plist */,
				03D729C71EF6E1C800E3040F /* Supporting Files */,
			);
			path = LFParticle;
			sourceTree = "<group>";
		};
		03D729C71EF6E1C800E3040F /* Supporting Files */ = {
			isa = PBXGroup;
			children = (
				03D729C81EF6E1C800E3040F /* main.m */,
			);
			name = "Supporting Files";
			sourceTree = "<group>";
		};
/* End PBXGroup section */

/* Begin PBXNativeTarget section */
		03D729C31EF6E1C800E3040F /* LFParticle */ = {
			isa = PBXNativeTarget;
			buildConfigurationList = 03D729DB1EF6E1C800E3040F /* Build configuration list for PBXNativeTarget "LFParticle" */;
			buildPhases = (
				03D729C01EF6E1C800E3040F /* Sources */,
				03D729C11EF6E1C800E3040F /* Frameworks */,
				03D729C21EF6E1C800E3040F /* Resources */,
			);
			buildRules = (
			);
			dependencies = (
			);
			name = LFParticle;
			productName = LFParticle;
			productReference = 03D729C41EF6E1C800E3040F /* LFParticle.app */;
			productType = "com.apple.product-type.application";
		};
/* End PBXNativeTarget section */

/* Begin PBXProject section */
		03D729BC1EF6E1C800E3040F /* Project object */ = {
			isa = PBXProject;
			attributes = {
				LastUpgradeCheck = 0830;
				ORGANIZATIONNAME = liufeng;
				TargetAttributes = {
					03D729C31EF6E1C800E3040F = {
						CreatedOnToolsVersion = 8.3.2;
						DevelopmentTeam = QDT8L8LPPU;
						ProvisioningStyle = Automatic;
					};
				};
			};
			buildConfigurationList = 03D729BF1EF6E1C800E3040F /* Build configuration list for PBXProject "LFParticle" */;
			compatibilityVersion = "Xcode 3.2";
			developmentRegion = English;
			hasScannedForEncodings = 0;
			knownRegions = (
				en,
				Base,
			);
			mainGroup = 03D729BB1EF6E1C800E3040F;
			productRefGroup = 03D729C51EF6E1C800E3040F /* Products */;
			projectDirPath = "";
			projectRoot = "";
			targets = (
				03D729C31EF6E1C800E3040F /* LFParticle */,
			);
		};
/* End PBXProject section */

/* Begin PBXResourcesBuildPhase section */
		03D729C21EF6E1C800E3040F /* Resources */ = {
			isa = PBXResourcesBuildPhase;
			buildActionMask = 2147483647;
			files = (
				03D729D71EF6E1C800E3040F /* LaunchScreen.storyboard in Resources */,
				03D729D41EF6E1C800E3040F /* Assets.xcassets in Resources */,
				03D729D21EF6E1C800E3040F /* Main.storyboard in Resources */,
			);
			runOnlyForDeploymentPostprocessing = 0;
		};
/* End PBXResourcesBuildPhase section */

/* Begin PBXSourcesBuildPhase section */
		03D729C01EF6E1C800E3040F /* Sources */ = {
			isa = PBXSourcesBuildPhase;
			buildActionMask = 2147483647;
			files = (
				03D729CF1EF6E1C800E3040F /* ViewController.m in Sources */,
				03D729CC1EF6E1C800E3040F /* AppDelegate.m in Sources */,
				03D729C91EF6E1C800E3040F /* main.m in Sources */,
				03D729E01EF6E1FD00E3040F /* LFVCView.m in Sources */,
			);
			runOnlyForDeploymentPostprocessing = 0;
		};
/* End PBXSourcesBuildPhase section */

/* Begin PBXVariantGroup section */
		03D729D01EF6E1C800E3040F /* Main.storyboard */ = {
			isa = PBXVariantGroup;
			children = (
				03D729D11EF6E1C800E3040F /* Base */,
			);
			name = Main.storyboard;
			sourceTree = "<group>";
		};
		03D729D51EF6E1C800E3040F /* LaunchScreen.storyboard */ = {
			isa = PBXVariantGroup;
			children = (
				03D729D61EF6E1C800E3040F /* Base */,
			);
			name = LaunchScreen.storyboard;
			sourceTree = "<group>";
		};
/* End PBXVariantGroup section */

/* Begin XCBuildConfiguration section */
		03D729D91EF6E1C800E3040F /* Debug */ = {
			isa = XCBuildConfiguration;
			buildSettings = {
				ALWAYS_SEARCH_USER_PATHS = NO;
				CLANG_ANALYZER_NONNULL = YES;
				CLANG_ANALYZER_NUMBER_OBJECT_CONVERSION = YES_AGGRESSIVE;
				CLANG_CXX_LANGUAGE_STANDARD = "gnu++0x";
				CLANG_CXX_LIBRARY = "libc++";
				CLANG_ENABLE_MODULES = YES;
				CLANG_ENABLE_OBJC_ARC = YES;
				CLANG_WARN_BOOL_CONVERSION = YES;
				CLANG_WARN_CONSTANT_CONVERSION = YES;
				CLANG_WARN_DIRECT_OBJC_ISA_USAGE = YES_ERROR;
				CLANG_WARN_DOCUMENTATION_COMMENTS = YES;
				CLANG_WARN_EMPTY_BODY = YES;
				CLANG_WARN_ENUM_CONVERSION = YES;
				CLANG_WARN_INFINITE_RECURSION = YES;
				CLANG_WARN_INT_CONVERSION = YES;
				CLANG_WARN_OBJC_ROOT_CLASS = YES_ERROR;
				CLANG_WARN_SUSPICIOUS_MOVE = YES;
				CLANG_WARN_UNREACHABLE_CODE = YES;
				CLANG_WARN__DUPLICATE_METHOD_MATCH = YES;
				"CODE_SIGN_IDENTITY[sdk=iphoneos*]" = "iPhone Developer";
				COPY_PHASE_STRIP = NO;
				DEBUG_INFORMATION_FORMAT = dwarf;
				ENABLE_STRICT_OBJC_MSGSEND = YES;
				ENABLE_TESTABILITY = YES;
				GCC_C_LANGUAGE_STANDARD = gnu99;
				GCC_DYNAMIC_NO_PIC = NO;
				GCC_NO_COMMON_BLOCKS = YES;
				GCC_OPTIMIZATION_LEVEL = 0;
				GCC_PREPROCESSOR_DEFINITIONS = (
					"DEBUG=1",
					"$(inherited)",
				);
				GCC_WARN_64_TO_32_BIT_CONVERSION = YES;
				GCC_WARN_ABOUT_RETURN_TYPE = YES_ERROR;
				GCC_WARN_UNDECLARED_SELECTOR = YES;
				GCC_WARN_UNINITIALIZED_AUTOS = YES_AGGRESSIVE;
				GCC_WARN_UNUSED_FUNCTION = YES;
				GCC_WARN_UNUSED_VARIABLE = YES;
				IPHONEOS_DEPLOYMENT_TARGET = 10.3;
				MTL_ENABLE_DEBUG_INFO = YES;
				ONLY_ACTIVE_ARCH = YES;
				SDKROOT = iphoneos;
			};
			name = Debug;
		};
		03D729DA1EF6E1C800E3040F /* Release */ = {
			isa = XCBuildConfiguration;
			buildSettings = {
				ALWAYS_SEARCH_USER_PATHS = NO;
				CLANG_ANALYZER_NONNULL = YES;
				CLANG_ANALYZER_NUMBER_OBJECT_CONVERSION = YES_AGGRESSIVE;
				CLANG_CXX_LANGUAGE_STANDARD = "gnu++0x";
				CLANG_CXX_LIBRARY = "libc++";
				CLANG_ENABLE_MODULES = YES;
				CLANG_ENABLE_OBJC_ARC = YES;
				CLANG_WARN_BOOL_CONVERSION = YES;
				CLANG_WARN_CONSTANT_CONVERSION = YES;
				CLANG_WARN_DIRECT_OBJC_ISA_USAGE = YES_ERROR;
				CLANG_WARN_DOCUMENTATION_COMMENTS = YES;
				CLANG_WARN_EMPTY_BODY = YES;
				CLANG_WARN_ENUM_CONVERSION = YES;
				CLANG_WARN_INFINITE_RECURSION = YES;
				CLANG_WARN_INT_CONVERSION = YES;
				CLANG_WARN_OBJC_ROOT_CLASS = YES_ERROR;
				CLANG_WARN_SUSPICIOUS_MOVE = YES;
				CLANG_WARN_UNREACHABLE_CODE = YES;
				CLANG_WARN__DUPLICATE_METHOD_MATCH = YES;
				"CODE_SIGN_IDENTITY[sdk=iphoneos*]" = "iPhone Developer";
				COPY_PHASE_STRIP = NO;
				DEBUG_INFORMATION_FORMAT = "dwarf-with-dsym";
				ENABLE_NS_ASSERTIONS = NO;
				ENABLE_STRICT_OBJC_MSGSEND = YES;
				GCC_C_LANGUAGE_STANDARD = gnu99;
				GCC_NO_COMMON_BLOCKS = YES;
				GCC_WARN_64_TO_32_BIT_CONVERSION = YES;
				GCC_WARN_ABOUT_RETURN_TYPE = YES_ERROR;
				GCC_WARN_UNDECLARED_SELECTOR = YES;
				GCC_WARN_UNINITIALIZED_AUTOS = YES_AGGRESSIVE;
				GCC_WARN_UNUSED_FUNCTION = YES;
				GCC_WARN_UNUSED_VARIABLE = YES;
				IPHONEOS_DEPLOYMENT_TARGET = 10.3;
				MTL_ENABLE_DEBUG_INFO = NO;
				SDKROOT = iphoneos;
				VALIDATE_PRODUCT = YES;
			};
			name = Release;
		};
		03D729DC1EF6E1C800E3040F /* Debug */ = {
			isa = XCBuildConfiguration;
			buildSettings = {
				ASSETCATALOG_COMPILER_APPICON_NAME = AppIcon;
				DEVELOPMENT_TEAM = QDT8L8LPPU;
				INFOPLIST_FILE = LFParticle/Info.plist;
				LD_RUNPATH_SEARCH_PATHS = "$(inherited) @executable_path/Frameworks";
				PRODUCT_BUNDLE_IDENTIFIER = com.kaituo.LFParticle;
				PRODUCT_NAME = "$(TARGET_NAME)";
			};
			name = Debug;
		};
		03D729DD1EF6E1C800E3040F /* Release */ = {
			isa = XCBuildConfiguration;
			buildSettings = {
				ASSETCATALOG_COMPILER_APPICON_NAME = AppIcon;
				DEVELOPMENT_TEAM = QDT8L8LPPU;
				INFOPLIST_FILE = LFParticle/Info.plist;
				LD_RUNPATH_SEARCH_PATHS = "$(inherited) @executable_path/Frameworks";
				PRODUCT_BUNDLE_IDENTIFIER = com.kaituo.LFParticle;
				PRODUCT_NAME = "$(TARGET_NAME)";
			};
			name = Release;
		};
/* End XCBuildConfiguration section */

/* Begin XCConfigurationList section */
		03D729BF1EF6E1C800E3040F /* Build configuration list for PBXProject "LFParticle" */ = {
			isa = XCConfigurationList;
			buildConfigurations = (
				03D729D91EF6E1C800E3040F /* Debug */,
				03D729DA1EF6E1C800E3040F /* Release */,
			);
			defaultConfigurationIsVisible = 0;
			defaultConfigurationName = Release;
		};
		03D729DB1EF6E1C800E3040F /* Build configuration list for PBXNativeTarget "LFParticle" */ = {
			isa = XCConfigurationList;
			buildConfigurations = (
				03D729DC1EF6E1C800E3040F /* Debug */,
				03D729DD1EF6E1C800E3040F /* Release */,
			);
			defaultConfigurationIsVisible = 0;
			defaultConfigurationName = Release;
		};
/* End XCConfigurationList section */
	};
	rootObject = 03D729BC1EF6E1C800E3040F /* Project object */;
}
